
Microsoft Visual Studio Solution File, Format Version 12.00
# Visual Studio Version 17
VisualStudioVersion = 17.10.35004.147
MinimumVisualStudioVersion = 10.0.40219.1
Project("{2150E333-8FDC-42A3-9474-1A3956D46DE8}") = "4.0_Specific_Drawings", "4.0_Specific_Drawings", "{2EF747E4-862C-4B3E-B865-765B5385D7AC}"
EndProject
Project("{FAE04EC0-301F-11D3-BF4B-00C04F79EFBC}") = "PixelFarm.Drawing.GdiPlus", "PixelFarm\PixelFarm.Drawing.GdiPlus\PixelFarm.Drawing.GdiPlus.csproj", "{1AA171E3-523C-4DD5-A169-DE6322991FF5}"
EndProject
Project("{2150E333-8FDC-42A3-9474-1A3956D46DE8}") = "6.0_Tools", "6.0_Tools", "{A0563F0C-443D-4C97-9878-77496145DD55}"
EndProject
Project("{FAE04EC0-301F-11D3-BF4B-00C04F79EFBC}") = "BuildMergeProject", "Tools\BuildMergeProject\BuildMergeProject.csproj", "{FA071D34-6C87-425D-8110-9C3595A01106}"
EndProject
Project("{FAE04EC0-301F-11D3-BF4B-00C04F79EFBC}") = "PixelFarm.Drawing.GLES", "PixelFarm\PixelFarm.Drawing.GLES\PixelFarm.Drawing.GLES.csproj", "{E1E89B3B-B529-4B17-B7ED-4C70CC8475EB}"
EndProject
Project("{9A19103F-16F7-4668-BE54-9A1E7A4F7556}") = "BackEnd.TypeMirror", "PixelFarm\BackEnd.TypeMirror\BackEnd.TypeMirror.csproj", "{68F1DAF6-2B35-476E-B2F8-5EADBC823935}"
EndProject
Project("{FAE04EC0-301F-11D3-BF4B-00C04F79EFBC}") = "BackEnd.Win32Utils", "PixelFarm\BackEnd.Win32Utils\BackEnd.Win32Utils.csproj", "{B9C23586-913D-4EE8-B266-BD58FBD0133B}"
EndProject
Project("{FAE04EC0-301F-11D3-BF4B-00C04F79EFBC}") = "BackEnd.ImgCodecs", "PixelFarm\BackEnd.ImgCodecs\BackEnd.ImgCodecs.csproj", "{BFADB269-520E-4A14-9D4A-3D65ED57EB75}"
EndProject
Project("{2150E333-8FDC-42A3-9474-1A3956D46DE8}") = "3.0_Typography", "3.0_Typography", "{C1FD503F-59E2-4016-8AEA-831AC3231430}"
EndProject
Project("{2150E333-8FDC-42A3-9474-1A3956D46DE8}") = "1_Basic_Units", "1_Basic_Units", "{AFD8230C-6B5D-4298-BBD3-B23644A5793C}"
EndProject
Project("{FAE04EC0-301F-11D3-BF4B-00C04F79EFBC}") = "PaintLab.Platforms.Win32", "PixelFarm\PaintLab.Platforms.Win32\PaintLab.Platforms.Win32.csproj", "{E5F2B317-2205-4727-92C4-6190A2FA3DDC}"
EndProject
Project("{FAE04EC0-301F-11D3-BF4B-00C04F79EFBC}") = "LayoutFarm.YourBasicCustomWidgets", "PixelFarm\LayoutFarm.YourBasicCustomWidgets\LayoutFarm.YourBasicCustomWidgets.csproj", "{6317F5F0-BC4B-4BFD-B3C0-73C05C2AA11E}"
EndProject
Project("{2150E333-8FDC-42A3-9474-1A3956D46DE8}") = "3_RenderTree_Focus", "3_RenderTree_Focus", "{B106C6A9-1647-4267-824B-896486A6E697}"
EndProject
Project("{FAE04EC0-301F-11D3-BF4B-00C04F79EFBC}") = "MergeProjectTool", "Tools\MergeProjectTool\MergeProjectTool.csproj", "{15E44653-B4A9-40D5-9FCD-4BA476D80B12}"
EndProject
Project("{2150E333-8FDC-42A3-9474-1A3956D46DE8}") = "0.1_DevTests", "0.1_DevTests", "{A2D588B0-C60B-4C1E-B5EE-7B506C99C8C2}"
EndProject
Project("{2150E333-8FDC-42A3-9474-1A3956D46DE8}") = "5.0_PaintLab_Platform", "5.0_PaintLab_Platform", "{56561998-B760-4457-AC07-DB64E54CA106}"
EndProject
Project("{9A19103F-16F7-4668-BE54-9A1E7A4F7556}") = "PaintLab.YourImplementation", "PixelFarm\PaintLab.YourImplementation\PaintLab.YourImplementation.csproj", "{D88D86CD-6732-45E7-8FC9-49449EA9C737}"
EndProject
Project("{9A19103F-16F7-4668-BE54-9A1E7A4F7556}") = "PaintLab.AbstractPlatform", "PixelFarm\PaintLab.AbstractPlatform\PaintLab.AbstractPlatform.csproj", "{D2CC5CEF-3003-4A5D-A532-8EB7E4FA40F2}"
EndProject
Project("{FAE04EC0-301F-11D3-BF4B-00C04F79EFBC}") = "PaintLab.RenderTree", "PixelFarm\PaintLab.RenderTree\PaintLab.RenderTree.csproj", "{20048075-A2F3-4B97-B3C6-BEA794429741}"
EndProject
Project("{9A19103F-16F7-4668-BE54-9A1E7A4F7556}") = "PaintLab.PlatformBridge", "PixelFarm\PaintLab.PlatformBridge\PaintLab.PlatformBridge.csproj", "{465CB0FF-C9FA-4371-AD10-51C6DFF537B8}"
EndProject
Project("{FAE04EC0-301F-11D3-BF4B-00C04F79EFBC}") = "PaintLab.RenderTree.TextSurface", "PixelFarm\PaintLab.RenderTree.TextSurface\PaintLab.RenderTree.TextSurface.csproj", "{E6078FC1-3AE0-4E33-AE7C-75E7AAAC7A02}"
EndProject
Project("{2150E333-8FDC-42A3-9474-1A3956D46DE8}") = "5.1_YourImplementation", "5.1_YourImplementation", "{8BE95464-61A5-4C0A-99F8-DA6E32C52B78}"
EndProject
Project("{2150E333-8FDC-42A3-9474-1A3956D46DE8}") = "2.3_Production", "2.3_Production", "{1FFAB66A-292D-402A-9505-35FA36942F4B}"
EndProject
Project("{2150E333-8FDC-42A3-9474-1A3956D46DE8}") = "1.0_Supportive_Modules", "1.0_Supportive_Modules", "{40520F7C-15E7-446F-8C15-E38A93A7B4B9}"
EndProject
Project("{9A19103F-16F7-4668-BE54-9A1E7A4F7556}") = "BackEnd.TreeCollection", "PixelFarm\BackEnd.TreeCollection\BackEnd.TreeCollection.csproj", "{39475DD4-6793-454F-8C48-06452F42C300}"
EndProject
Project("{D954291E-2A0B-460D-934E-DC6B0785DB48}") = "PaintFx.Shared", "PixelFarm\BackEnd.PaintFx\PdnSharedProject\PaintFx.Shared.shproj", "{6FF96BFB-9E4B-4634-B682-7DE60468DA38}"
EndProject
Project("{9A19103F-16F7-4668-BE54-9A1E7A4F7556}") = "PaintLab.Svg", "PixelFarm\PaintLab.Svg\PaintLab.Svg.csproj", "{466DD2AE-EADC-4E20-82B3-DA6D018006C5}"
EndProject
Project("{FAE04EC0-301F-11D3-BF4B-00C04F79EFBC}") = "BackEnd.SharpZipLib", "PixelFarm\BackEnd.SharpZipLib\BackEnd.SharpZipLib.csproj", "{1EC4200D-E955-4617-9558-B859BB6B5AF2}"
EndProject
Project("{2150E333-8FDC-42A3-9474-1A3956D46DE8}") = "0.9_WebDocuments", "0.9_WebDocuments", "{B8B57320-63FF-453D-9892-671E48F8F084}"
EndProject
Project("{FAE04EC0-301F-11D3-BF4B-00C04F79EFBC}") = "Test_BackEnd_DrawingBuffer", "Tests\Test_BackEnd_DrawingBuffer\Test_BackEnd_DrawingBuffer.csproj", "{9422AB9D-341B-4B72-8611-86418707B2E8}"
EndProject
Project("{D954291E-2A0B-460D-934E-DC6B0785DB48}") = "Typography.OpenFont", "..\..\Typography\Typography.OpenFont\Typography.OpenFont.shproj", "{235A071B-8D06-40AE-A5C5-B1CE59715EE9}"
EndProject
Project("{D954291E-2A0B-460D-934E-DC6B0785DB48}") = "Typography.GlyphLayout", "..\..\Typography\Typography.GlyphLayout\Typography.GlyphLayout.shproj", "{D8861CF8-C506-472B-8A57-632BD6CA6496}"
EndProject
Project("{D954291E-2A0B-460D-934E-DC6B0785DB48}") = "Typography.TextBreak", "..\..\Typography\Typography.TextBreak\Typography.TextBreak\Typography.TextBreak.shproj", "{9A99F103-B119-4A4D-8093-6A03BAA6D36B}"
EndProject
Project("{D954291E-2A0B-460D-934E-DC6B0785DB48}") = "Typography.TextFlow", "..\..\Typography\Typography.TextFlow\Typography.TextFlow.shproj", "{7A8A63D2-2CB5-41F5-8E83-6F6E54398CF4}"
EndProject
Project("{D954291E-2A0B-460D-934E-DC6B0785DB48}") = "Typography.TextServices", "..\..\Typography\Typography.TextServices\Typography.TextServices.shproj", "{D07686EE-2618-4C20-8EB5-32AD4C4D3810}"
EndProject
Project("{9A19103F-16F7-4668-BE54-9A1E7A4F7556}") = "PixelFarm.Typography", "PixelFarm\PixelFarm.Typography\PixelFarm.Typography.csproj", "{EC1307C6-309F-43EA-BFCC-5219E2F5A103}"
EndProject
Project("{D954291E-2A0B-460D-934E-DC6B0785DB48}") = "WinFormTestBed2", "Tests\WinFormTestBed2\WinFormTestBed2.shproj", "{5CF69768-3249-45D4-8BE3-B686F88C4EA0}"
EndProject
Project("{D954291E-2A0B-460D-934E-DC6B0785DB48}") = "LayoutFarm.YourBasicCustomWidgets_SH", "PixelFarm\LayoutFarm.YourBasicCustomWidgets_SH\LayoutFarm.YourBasicCustomWidgets_SH.shproj", "{9EE24857-0686-4FAF-9411-856904E88452}"
EndProject
Project("{FAE04EC0-301F-11D3-BF4B-00C04F79EFBC}") = "Test_GlyphTess.MiniAggWinForms", "Tests\Test_GlyphTess.MiniAggWinForms\Test_GlyphTess.MiniAggWinForms.csproj", "{56DCAE82-671D-409E-A3B3-BF4834756D3F}"
EndProject
Project("{D954291E-2A0B-460D-934E-DC6B0785DB48}") = "PaintLab.AppHost", "PixelFarm\PaintLab.AppHost\PaintLab.AppHost.shproj", "{F45871BD-806E-487A-A0B3-1E95853F693B}"
EndProject
Project("{FAE04EC0-301F-11D3-BF4B-00C04F79EFBC}") = "ImgCodec.IconAndCursor", "PixelFarm\ImgCodec.IconAndCursor\ImgCodec.IconAndCursor.csproj", "{7F28941F-E399-4265-AA82-83D25AA065C6}"
EndProject
Project("{D954291E-2A0B-460D-934E-DC6B0785DB48}") = "Colorful_SH", "PixelFarm\PaintLab.Color\Colorful_SH\Colorful_SH.shproj", "{D9F3BBD1-1FA0-4CBD-94DC-3D01807DB3F3}"
EndProject
Project("{9A19103F-16F7-4668-BE54-9A1E7A4F7556}") = "PaintLab.Color", "PixelFarm\PaintLab.Color\PaintLab.Color.csproj", "{9CC6310F-C116-449D-BE97-63D152F98746}"
EndProject
Project("{2150E333-8FDC-42A3-9474-1A3956D46DE8}") = "5.2_Specific_Implementations", "5.2_Specific_Implementations", "{B805AA29-9FA2-4632-BD24-A14F4EB15A20}"
EndProject
Project("{D954291E-2A0B-460D-934E-DC6B0785DB48}") = "PaintLab.Platforms.SH", "PixelFarm\PaintLab.Platforms.SH\PaintLab.Platforms.SH.shproj", "{A3BBA4D4-0C7D-4B1C-B451-75D15F661CC6}"
EndProject
Project("{9A19103F-16F7-4668-BE54-9A1E7A4F7556}") = "PaintLab.PaintFx", "PixelFarm\PaintLab.PaintFx\PaintLab.PaintFx.csproj", "{A533E1C7-AB74-4BCF-BC7A-12D4DBBFA918}"
EndProject
Project("{FAE04EC0-301F-11D3-BF4B-00C04F79EFBC}") = "PaintLab.BitmapBufferEx_TESTUNIT", "PixelFarm\PaintLab.BitmapBufferEx\BitmapBufferEx\PaintLab.BitmapBufferEx_TESTUNIT.csproj", "{5EB9544F-51E1-42CC-ABFD-B9AFBA6A2A0D}"
EndProject
Project("{FAE04EC0-301F-11D3-BF4B-00C04F79EFBC}") = "PaintLab.BitmapBufferEx", "PixelFarm\PaintLab.BitmapBufferEx\BitmapBufferEx\PaintLab.BitmapBufferEx.csproj", "{572E6B12-051F-4E41-AF01-0831B210CF66}"
EndProject
Project("{FAE04EC0-301F-11D3-BF4B-00C04F79EFBC}") = "Marius.Yoga", "Tests\Marius.Yoga\Marius.Yoga.csproj", "{9060957D-FF0B-4B14-BB87-EE24B5170365}"
EndProject
Project("{2150E333-8FDC-42A3-9474-1A3956D46DE8}") = "2_Painting_Focus", "2_Painting_Focus", "{C2AE9212-8A89-4CB6-BE8D-5CD9CF5CC93D}"
EndProject
Project("{2150E333-8FDC-42A3-9474-1A3956D46DE8}") = "0_Misc", "0_Misc", "{5EFABB34-B4DB-4762-8D85-7ADB35B49FC7}"
EndProject
Project("{FAE04EC0-301F-11D3-BF4B-00C04F79EFBC}") = "Test_MiniAgg_GLES_Painting", "Tests\Test_MiniAgg_GLES_Painting\Test_MiniAgg_GLES_Painting.csproj", "{A634550F-EDAD-4A1D-872C-730C2FD8C1C9}"
EndProject
Project("{FAE04EC0-301F-11D3-BF4B-00C04F79EFBC}") = "TestSamples_RenderTreeFocus", "Tests\TestSamples_RenderTreeFocus\TestSamples_RenderTreeFocus.csproj", "{E906647B-3216-4CC1-B849-DD249F6737F4}"
EndProject
Project("{FAE04EC0-301F-11D3-BF4B-00C04F79EFBC}") = "Test_RenderTree_Focus", "Tests\Test_RenderTreeFocus\Test_RenderTree_Focus.csproj", "{E8DF35E8-8765-47C2-BC1A-B686A058062C}"
EndProject
Project("{2150E333-8FDC-42A3-9474-1A3956D46DE8}") = "6.1_Utils", "6.1_Utils", "{53672C30-7B09-4D8D-8789-46F9A8D6B834}"
EndProject
Project("{2150E333-8FDC-42A3-9474-1A3956D46DE8}") = "x_resource_projects", "x_resource_projects", "{1A720CEF-DF3F-472A-A1B8-95963D9E0720}"
EndProject
Project("{FAE04EC0-301F-11D3-BF4B-00C04F79EFBC}") = "TestAtlas1", "x_resource_projects\TestAtlas1\TestAtlas1.csproj", "{EB47A121-048B-4BB6-85BB-4FD5D28DD4BF}"
EndProject
Project("{FAE04EC0-301F-11D3-BF4B-00C04F79EFBC}") = "TestFontAtlas", "x_resource_projects\TestFontAtlas\TestFontAtlas.csproj", "{BCB55CF7-08DC-4410-BDBE-CB3DA976BF6A}"
EndProject
Project("{FAE04EC0-301F-11D3-BF4B-00C04F79EFBC}") = "PaintLabResTool", "Tools\PaintLabResTool\PaintLabResTool.csproj", "{E6A0BB9E-5B9B-449B-B844-3019FF51826B}"
EndProject
Project("{FAE04EC0-301F-11D3-BF4B-00C04F79EFBC}") = "GeneralResources", "x_resource_projects\GeneralResources\GeneralResources.csproj", "{8AC43305-1C0A-483D-A88F-B20A937DB213}"
EndProject
Project("{D954291E-2A0B-460D-934E-DC6B0785DB48}") = "PixelFarm.Typography_SH", "..\..\Typography\PixelFarm.Typography\PixelFarm.Typography_SH.shproj", "{EC0BD041-5BA5-409D-8FC6-AA9F2A6F862B}"
EndProject
Project("{9A19103F-16F7-4668-BE54-9A1E7A4F7556}") = "Test_CpuBlitCoreRasterizer", "Tests\Test_CpuBlitCoreRasterizer\Test_CpuBlitCoreRasterizer.csproj", "{5853EDB2-EC0F-4E84-8450-6D34384CA5C4}"
EndProject
Project("{9A19103F-16F7-4668-BE54-9A1E7A4F7556}") = "TestFoundamentalVectors", "Tests\TestFoundamentalVectors\TestFoundamentalVectors.csproj", "{8850607F-7AC5-45EC-9FFD-68A1253CBABB}"
EndProject
Project("{9A19103F-16F7-4668-BE54-9A1E7A4F7556}") = "PaintLab.CssBase", "PixelFarm\PaintLab.CssBase\PaintLab.CssBase.csproj", "{71977D73-9F36-4F03-B10D-124F98467810}"
EndProject
Project("{9A19103F-16F7-4668-BE54-9A1E7A4F7556}") = "PaintLab.Web", "PaintLab.Web\PaintLab.Web.csproj", "{BC2C265C-A4AE-4078-8F18-9EA8C0345FEC}"
EndProject
Project("{9A19103F-16F7-4668-BE54-9A1E7A4F7556}") = "PixelFarm.Core", "PixelFarm.Core\PixelFarm.Core.csproj", "{A1BA555A-359F-4953-988D-1D59E0A8F8D6}"
EndProject
Project("{9A19103F-16F7-4668-BE54-9A1E7A4F7556}") = "PixelFarm.Drawing", "PixelFarm\PixelFarm.Drawing\PixelFarm.Drawing.csproj", "{AF2A833D-FD66-4AA4-A210-F3F402C3E1BB}"
EndProject
Project("{9A19103F-16F7-4668-BE54-9A1E7A4F7556}") = "TestSamples_Painting_Focus", "Tests\TestSamples_Painting_Focus\TestSamples_Painting_Focus.csproj", "{B3300FF6-59F1-4FBB-9F1B-3803880D915E}"
EndProject
Global
	GlobalSection(SolutionConfigurationPlatforms) = preSolution
		Debug|Any CPU = Debug|Any CPU
		Debug|ARM32 = Debug|ARM32
		Debug|Mixed Platforms = Debug|Mixed Platforms
		Debug|Win32 = Debug|Win32
		Debug|x64 = Debug|x64
		Debug|x86 = Debug|x86
		Release|Any CPU = Release|Any CPU
		Release|ARM32 = Release|ARM32
		Release|Mixed Platforms = Release|Mixed Platforms
		Release|Win32 = Release|Win32
		Release|x64 = Release|x64
		Release|x86 = Release|x86
	EndGlobalSection
	GlobalSection(ProjectConfigurationPlatforms) = postSolution
		{1AA171E3-523C-4DD5-A169-DE6322991FF5}.Debug|Any CPU.ActiveCfg = Debug|Any CPU
		{1AA171E3-523C-4DD5-A169-DE6322991FF5}.Debug|Any CPU.Build.0 = Debug|Any CPU
		{1AA171E3-523C-4DD5-A169-DE6322991FF5}.Debug|ARM32.ActiveCfg = Debug|Any CPU
		{1AA171E3-523C-4DD5-A169-DE6322991FF5}.Debug|ARM32.Build.0 = Debug|Any CPU
		{1AA171E3-523C-4DD5-A169-DE6322991FF5}.Debug|Mixed Platforms.ActiveCfg = Debug|Any CPU
		{1AA171E3-523C-4DD5-A169-DE6322991FF5}.Debug|Mixed Platforms.Build.0 = Debug|Any CPU
		{1AA171E3-523C-4DD5-A169-DE6322991FF5}.Debug|Win32.ActiveCfg = Debug|Any CPU
		{1AA171E3-523C-4DD5-A169-DE6322991FF5}.Debug|x64.ActiveCfg = Debug|x64
		{1AA171E3-523C-4DD5-A169-DE6322991FF5}.Debug|x64.Build.0 = Debug|x64
		{1AA171E3-523C-4DD5-A169-DE6322991FF5}.Debug|x86.ActiveCfg = Debug|Any CPU
		{1AA171E3-523C-4DD5-A169-DE6322991FF5}.Debug|x86.Build.0 = Debug|Any CPU
		{1AA171E3-523C-4DD5-A169-DE6322991FF5}.Release|Any CPU.ActiveCfg = Release|Any CPU
		{1AA171E3-523C-4DD5-A169-DE6322991FF5}.Release|Any CPU.Build.0 = Release|Any CPU
		{1AA171E3-523C-4DD5-A169-DE6322991FF5}.Release|ARM32.ActiveCfg = Release|Any CPU
		{1AA171E3-523C-4DD5-A169-DE6322991FF5}.Release|ARM32.Build.0 = Release|Any CPU
		{1AA171E3-523C-4DD5-A169-DE6322991FF5}.Release|Mixed Platforms.ActiveCfg = Release|Any CPU
		{1AA171E3-523C-4DD5-A169-DE6322991FF5}.Release|Mixed Platforms.Build.0 = Release|Any CPU
		{1AA171E3-523C-4DD5-A169-DE6322991FF5}.Release|Win32.ActiveCfg = Release|Any CPU
		{1AA171E3-523C-4DD5-A169-DE6322991FF5}.Release|x64.ActiveCfg = Release|x64
		{1AA171E3-523C-4DD5-A169-DE6322991FF5}.Release|x64.Build.0 = Release|x64
		{1AA171E3-523C-4DD5-A169-DE6322991FF5}.Release|x86.ActiveCfg = Release|Any CPU
		{FA071D34-6C87-425D-8110-9C3595A01106}.Debug|Any CPU.ActiveCfg = Debug|Any CPU
		{FA071D34-6C87-425D-8110-9C3595A01106}.Debug|Any CPU.Build.0 = Debug|Any CPU
		{FA071D34-6C87-425D-8110-9C3595A01106}.Debug|ARM32.ActiveCfg = Debug|Any CPU
		{FA071D34-6C87-425D-8110-9C3595A01106}.Debug|ARM32.Build.0 = Debug|Any CPU
		{FA071D34-6C87-425D-8110-9C3595A01106}.Debug|Mixed Platforms.ActiveCfg = Debug|Any CPU
		{FA071D34-6C87-425D-8110-9C3595A01106}.Debug|Mixed Platforms.Build.0 = Debug|Any CPU
		{FA071D34-6C87-425D-8110-9C3595A01106}.Debug|Win32.ActiveCfg = Debug|Any CPU
		{FA071D34-6C87-425D-8110-9C3595A01106}.Debug|Win32.Build.0 = Debug|Any CPU
		{FA071D34-6C87-425D-8110-9C3595A01106}.Debug|x64.ActiveCfg = Debug|x64
		{FA071D34-6C87-425D-8110-9C3595A01106}.Debug|x64.Build.0 = Debug|x64
		{FA071D34-6C87-425D-8110-9C3595A01106}.Debug|x86.ActiveCfg = Debug|Any CPU
		{FA071D34-6C87-425D-8110-9C3595A01106}.Debug|x86.Build.0 = Debug|Any CPU
		{FA071D34-6C87-425D-8110-9C3595A01106}.Release|Any CPU.ActiveCfg = Release|Any CPU
		{FA071D34-6C87-425D-8110-9C3595A01106}.Release|Any CPU.Build.0 = Release|Any CPU
		{FA071D34-6C87-425D-8110-9C3595A01106}.Release|ARM32.ActiveCfg = Release|Any CPU
		{FA071D34-6C87-425D-8110-9C3595A01106}.Release|ARM32.Build.0 = Release|Any CPU
		{FA071D34-6C87-425D-8110-9C3595A01106}.Release|Mixed Platforms.ActiveCfg = Release|Any CPU
		{FA071D34-6C87-425D-8110-9C3595A01106}.Release|Mixed Platforms.Build.0 = Release|Any CPU
		{FA071D34-6C87-425D-8110-9C3595A01106}.Release|Win32.ActiveCfg = Release|Any CPU
		{FA071D34-6C87-425D-8110-9C3595A01106}.Release|Win32.Build.0 = Release|Any CPU
		{FA071D34-6C87-425D-8110-9C3595A01106}.Release|x64.ActiveCfg = Release|x64
		{FA071D34-6C87-425D-8110-9C3595A01106}.Release|x64.Build.0 = Release|x64
		{FA071D34-6C87-425D-8110-9C3595A01106}.Release|x86.ActiveCfg = Release|Any CPU
		{FA071D34-6C87-425D-8110-9C3595A01106}.Release|x86.Build.0 = Release|Any CPU
		{E1E89B3B-B529-4B17-B7ED-4C70CC8475EB}.Debug|Any CPU.ActiveCfg = Debug|Any CPU
		{E1E89B3B-B529-4B17-B7ED-4C70CC8475EB}.Debug|Any CPU.Build.0 = Debug|Any CPU
		{E1E89B3B-B529-4B17-B7ED-4C70CC8475EB}.Debug|ARM32.ActiveCfg = Debug|Any CPU
		{E1E89B3B-B529-4B17-B7ED-4C70CC8475EB}.Debug|Mixed Platforms.ActiveCfg = Debug|Any CPU
		{E1E89B3B-B529-4B17-B7ED-4C70CC8475EB}.Debug|Mixed Platforms.Build.0 = Debug|Any CPU
		{E1E89B3B-B529-4B17-B7ED-4C70CC8475EB}.Debug|Win32.ActiveCfg = Debug|Any CPU
		{E1E89B3B-B529-4B17-B7ED-4C70CC8475EB}.Debug|Win32.Build.0 = Debug|Any CPU
		{E1E89B3B-B529-4B17-B7ED-4C70CC8475EB}.Debug|x64.ActiveCfg = Debug|Any CPU
		{E1E89B3B-B529-4B17-B7ED-4C70CC8475EB}.Debug|x86.ActiveCfg = Debug|Any CPU
		{E1E89B3B-B529-4B17-B7ED-4C70CC8475EB}.Debug|x86.Build.0 = Debug|Any CPU
		{E1E89B3B-B529-4B17-B7ED-4C70CC8475EB}.Release|Any CPU.ActiveCfg = Release|Any CPU
		{E1E89B3B-B529-4B17-B7ED-4C70CC8475EB}.Release|Any CPU.Build.0 = Release|Any CPU
		{E1E89B3B-B529-4B17-B7ED-4C70CC8475EB}.Release|ARM32.ActiveCfg = Release|Any CPU
		{E1E89B3B-B529-4B17-B7ED-4C70CC8475EB}.Release|Mixed Platforms.ActiveCfg = Release|Any CPU
		{E1E89B3B-B529-4B17-B7ED-4C70CC8475EB}.Release|Mixed Platforms.Build.0 = Release|Any CPU
		{E1E89B3B-B529-4B17-B7ED-4C70CC8475EB}.Release|Win32.ActiveCfg = Release|Any CPU
		{E1E89B3B-B529-4B17-B7ED-4C70CC8475EB}.Release|Win32.Build.0 = Release|Any CPU
		{E1E89B3B-B529-4B17-B7ED-4C70CC8475EB}.Release|x64.ActiveCfg = Release|Any CPU
		{E1E89B3B-B529-4B17-B7ED-4C70CC8475EB}.Release|x86.ActiveCfg = Release|Any CPU
		{E1E89B3B-B529-4B17-B7ED-4C70CC8475EB}.Release|x86.Build.0 = Release|Any CPU
		{68F1DAF6-2B35-476E-B2F8-5EADBC823935}.Debug|Any CPU.ActiveCfg = Debug|Any CPU
		{68F1DAF6-2B35-476E-B2F8-5EADBC823935}.Debug|Any CPU.Build.0 = Debug|Any CPU
		{68F1DAF6-2B35-476E-B2F8-5EADBC823935}.Debug|ARM32.ActiveCfg = Debug|Any CPU
		{68F1DAF6-2B35-476E-B2F8-5EADBC823935}.Debug|ARM32.Build.0 = Debug|Any CPU
		{68F1DAF6-2B35-476E-B2F8-5EADBC823935}.Debug|Mixed Platforms.ActiveCfg = Debug|Any CPU
		{68F1DAF6-2B35-476E-B2F8-5EADBC823935}.Debug|Mixed Platforms.Build.0 = Debug|Any CPU
		{68F1DAF6-2B35-476E-B2F8-5EADBC823935}.Debug|Win32.ActiveCfg = Debug|Any CPU
		{68F1DAF6-2B35-476E-B2F8-5EADBC823935}.Debug|x64.ActiveCfg = Debug|x64
		{68F1DAF6-2B35-476E-B2F8-5EADBC823935}.Debug|x64.Build.0 = Debug|x64
		{68F1DAF6-2B35-476E-B2F8-5EADBC823935}.Debug|x86.ActiveCfg = Debug|Any CPU
		{68F1DAF6-2B35-476E-B2F8-5EADBC823935}.Debug|x86.Build.0 = Debug|Any CPU
		{68F1DAF6-2B35-476E-B2F8-5EADBC823935}.Release|Any CPU.ActiveCfg = Release|Any CPU
		{68F1DAF6-2B35-476E-B2F8-5EADBC823935}.Release|Any CPU.Build.0 = Release|Any CPU
		{68F1DAF6-2B35-476E-B2F8-5EADBC823935}.Release|ARM32.ActiveCfg = Release|Any CPU
		{68F1DAF6-2B35-476E-B2F8-5EADBC823935}.Release|ARM32.Build.0 = Release|Any CPU
		{68F1DAF6-2B35-476E-B2F8-5EADBC823935}.Release|Mixed Platforms.ActiveCfg = Release|Any CPU
		{68F1DAF6-2B35-476E-B2F8-5EADBC823935}.Release|Mixed Platforms.Build.0 = Release|Any CPU
		{68F1DAF6-2B35-476E-B2F8-5EADBC823935}.Release|Win32.ActiveCfg = Release|Any CPU
		{68F1DAF6-2B35-476E-B2F8-5EADBC823935}.Release|x64.ActiveCfg = Release|x64
		{68F1DAF6-2B35-476E-B2F8-5EADBC823935}.Release|x64.Build.0 = Release|x64
		{68F1DAF6-2B35-476E-B2F8-5EADBC823935}.Release|x86.ActiveCfg = Release|Any CPU
		{B9C23586-913D-4EE8-B266-BD58FBD0133B}.Debug|Any CPU.ActiveCfg = Debug|Any CPU
		{B9C23586-913D-4EE8-B266-BD58FBD0133B}.Debug|Any CPU.Build.0 = Debug|Any CPU
		{B9C23586-913D-4EE8-B266-BD58FBD0133B}.Debug|ARM32.ActiveCfg = Debug|Any CPU
		{B9C23586-913D-4EE8-B266-BD58FBD0133B}.Debug|ARM32.Build.0 = Debug|Any CPU
		{B9C23586-913D-4EE8-B266-BD58FBD0133B}.Debug|Mixed Platforms.ActiveCfg = Debug|Any CPU
		{B9C23586-913D-4EE8-B266-BD58FBD0133B}.Debug|Mixed Platforms.Build.0 = Debug|Any CPU
		{B9C23586-913D-4EE8-B266-BD58FBD0133B}.Debug|Win32.ActiveCfg = Debug|Any CPU
		{B9C23586-913D-4EE8-B266-BD58FBD0133B}.Debug|x64.ActiveCfg = Debug|x64
		{B9C23586-913D-4EE8-B266-BD58FBD0133B}.Debug|x64.Build.0 = Debug|x64
		{B9C23586-913D-4EE8-B266-BD58FBD0133B}.Debug|x86.ActiveCfg = Debug|Any CPU
		{B9C23586-913D-4EE8-B266-BD58FBD0133B}.Debug|x86.Build.0 = Debug|Any CPU
		{B9C23586-913D-4EE8-B266-BD58FBD0133B}.Release|Any CPU.ActiveCfg = Release|Any CPU
		{B9C23586-913D-4EE8-B266-BD58FBD0133B}.Release|Any CPU.Build.0 = Release|Any CPU
		{B9C23586-913D-4EE8-B266-BD58FBD0133B}.Release|ARM32.ActiveCfg = Release|Any CPU
		{B9C23586-913D-4EE8-B266-BD58FBD0133B}.Release|ARM32.Build.0 = Release|Any CPU
		{B9C23586-913D-4EE8-B266-BD58FBD0133B}.Release|Mixed Platforms.ActiveCfg = Release|Any CPU
		{B9C23586-913D-4EE8-B266-BD58FBD0133B}.Release|Mixed Platforms.Build.0 = Release|Any CPU
		{B9C23586-913D-4EE8-B266-BD58FBD0133B}.Release|Win32.ActiveCfg = Release|Any CPU
		{B9C23586-913D-4EE8-B266-BD58FBD0133B}.Release|x64.ActiveCfg = Release|x64
		{B9C23586-913D-4EE8-B266-BD58FBD0133B}.Release|x64.Build.0 = Release|x64
		{B9C23586-913D-4EE8-B266-BD58FBD0133B}.Release|x86.ActiveCfg = Release|Any CPU
		{BFADB269-520E-4A14-9D4A-3D65ED57EB75}.Debug|Any CPU.ActiveCfg = Debug|x86
		{BFADB269-520E-4A14-9D4A-3D65ED57EB75}.Debug|ARM32.ActiveCfg = Debug|Any CPU
		{BFADB269-520E-4A14-9D4A-3D65ED57EB75}.Debug|ARM32.Build.0 = Debug|Any CPU
		{BFADB269-520E-4A14-9D4A-3D65ED57EB75}.Debug|Mixed Platforms.ActiveCfg = Debug|x86
		{BFADB269-520E-4A14-9D4A-3D65ED57EB75}.Debug|Mixed Platforms.Build.0 = Debug|x86
		{BFADB269-520E-4A14-9D4A-3D65ED57EB75}.Debug|Win32.ActiveCfg = Debug|x86
		{BFADB269-520E-4A14-9D4A-3D65ED57EB75}.Debug|x64.ActiveCfg = Debug|x64
		{BFADB269-520E-4A14-9D4A-3D65ED57EB75}.Debug|x64.Build.0 = Debug|x64
		{BFADB269-520E-4A14-9D4A-3D65ED57EB75}.Debug|x86.ActiveCfg = Debug|x86
		{BFADB269-520E-4A14-9D4A-3D65ED57EB75}.Debug|x86.Build.0 = Debug|x86
		{BFADB269-520E-4A14-9D4A-3D65ED57EB75}.Release|Any CPU.ActiveCfg = Release|x86
		{BFADB269-520E-4A14-9D4A-3D65ED57EB75}.Release|ARM32.ActiveCfg = Release|Any CPU
		{BFADB269-520E-4A14-9D4A-3D65ED57EB75}.Release|ARM32.Build.0 = Release|Any CPU
		{BFADB269-520E-4A14-9D4A-3D65ED57EB75}.Release|Mixed Platforms.ActiveCfg = Release|x86
		{BFADB269-520E-4A14-9D4A-3D65ED57EB75}.Release|Mixed Platforms.Build.0 = Release|x86
		{BFADB269-520E-4A14-9D4A-3D65ED57EB75}.Release|Win32.ActiveCfg = Release|x86
		{BFADB269-520E-4A14-9D4A-3D65ED57EB75}.Release|x64.ActiveCfg = Release|x64
		{BFADB269-520E-4A14-9D4A-3D65ED57EB75}.Release|x64.Build.0 = Release|x64
		{BFADB269-520E-4A14-9D4A-3D65ED57EB75}.Release|x86.ActiveCfg = Release|x86
		{BFADB269-520E-4A14-9D4A-3D65ED57EB75}.Release|x86.Build.0 = Release|x86
		{E5F2B317-2205-4727-92C4-6190A2FA3DDC}.Debug|Any CPU.ActiveCfg = Debug|Any CPU
		{E5F2B317-2205-4727-92C4-6190A2FA3DDC}.Debug|Any CPU.Build.0 = Debug|Any CPU
		{E5F2B317-2205-4727-92C4-6190A2FA3DDC}.Debug|ARM32.ActiveCfg = Debug|Any CPU
		{E5F2B317-2205-4727-92C4-6190A2FA3DDC}.Debug|Mixed Platforms.ActiveCfg = Debug|Any CPU
		{E5F2B317-2205-4727-92C4-6190A2FA3DDC}.Debug|Mixed Platforms.Build.0 = Debug|Any CPU
		{E5F2B317-2205-4727-92C4-6190A2FA3DDC}.Debug|Win32.ActiveCfg = Debug|Any CPU
		{E5F2B317-2205-4727-92C4-6190A2FA3DDC}.Debug|Win32.Build.0 = Debug|Any CPU
		{E5F2B317-2205-4727-92C4-6190A2FA3DDC}.Debug|x64.ActiveCfg = Debug|Any CPU
		{E5F2B317-2205-4727-92C4-6190A2FA3DDC}.Debug|x86.ActiveCfg = Debug|Any CPU
		{E5F2B317-2205-4727-92C4-6190A2FA3DDC}.Debug|x86.Build.0 = Debug|Any CPU
		{E5F2B317-2205-4727-92C4-6190A2FA3DDC}.Release|Any CPU.ActiveCfg = Release|Any CPU
		{E5F2B317-2205-4727-92C4-6190A2FA3DDC}.Release|Any CPU.Build.0 = Release|Any CPU
		{E5F2B317-2205-4727-92C4-6190A2FA3DDC}.Release|ARM32.ActiveCfg = Release|Any CPU
		{E5F2B317-2205-4727-92C4-6190A2FA3DDC}.Release|Mixed Platforms.ActiveCfg = Release|Any CPU
		{E5F2B317-2205-4727-92C4-6190A2FA3DDC}.Release|Mixed Platforms.Build.0 = Release|Any CPU
		{E5F2B317-2205-4727-92C4-6190A2FA3DDC}.Release|Win32.ActiveCfg = Release|Any CPU
		{E5F2B317-2205-4727-92C4-6190A2FA3DDC}.Release|Win32.Build.0 = Release|Any CPU
		{E5F2B317-2205-4727-92C4-6190A2FA3DDC}.Release|x64.ActiveCfg = Release|Any CPU
		{E5F2B317-2205-4727-92C4-6190A2FA3DDC}.Release|x86.ActiveCfg = Release|Any CPU
		{E5F2B317-2205-4727-92C4-6190A2FA3DDC}.Release|x86.Build.0 = Release|Any CPU
		{6317F5F0-BC4B-4BFD-B3C0-73C05C2AA11E}.Debug|Any CPU.ActiveCfg = Debug|Any CPU
		{6317F5F0-BC4B-4BFD-B3C0-73C05C2AA11E}.Debug|Any CPU.Build.0 = Debug|Any CPU
		{6317F5F0-BC4B-4BFD-B3C0-73C05C2AA11E}.Debug|ARM32.ActiveCfg = Debug|Any CPU
		{6317F5F0-BC4B-4BFD-B3C0-73C05C2AA11E}.Debug|ARM32.Build.0 = Debug|Any CPU
		{6317F5F0-BC4B-4BFD-B3C0-73C05C2AA11E}.Debug|Mixed Platforms.ActiveCfg = Debug|Any CPU
		{6317F5F0-BC4B-4BFD-B3C0-73C05C2AA11E}.Debug|Mixed Platforms.Build.0 = Debug|Any CPU
		{6317F5F0-BC4B-4BFD-B3C0-73C05C2AA11E}.Debug|Win32.ActiveCfg = Debug|Any CPU
		{6317F5F0-BC4B-4BFD-B3C0-73C05C2AA11E}.Debug|Win32.Build.0 = Debug|Any CPU
		{6317F5F0-BC4B-4BFD-B3C0-73C05C2AA11E}.Debug|x64.ActiveCfg = Debug|x64
		{6317F5F0-BC4B-4BFD-B3C0-73C05C2AA11E}.Debug|x64.Build.0 = Debug|x64
		{6317F5F0-BC4B-4BFD-B3C0-73C05C2AA11E}.Debug|x86.ActiveCfg = Debug|Any CPU
		{6317F5F0-BC4B-4BFD-B3C0-73C05C2AA11E}.Debug|x86.Build.0 = Debug|Any CPU
		{6317F5F0-BC4B-4BFD-B3C0-73C05C2AA11E}.Release|Any CPU.ActiveCfg = Release|Any CPU
		{6317F5F0-BC4B-4BFD-B3C0-73C05C2AA11E}.Release|Any CPU.Build.0 = Release|Any CPU
		{6317F5F0-BC4B-4BFD-B3C0-73C05C2AA11E}.Release|ARM32.ActiveCfg = Release|Any CPU
		{6317F5F0-BC4B-4BFD-B3C0-73C05C2AA11E}.Release|ARM32.Build.0 = Release|Any CPU
		{6317F5F0-BC4B-4BFD-B3C0-73C05C2AA11E}.Release|Mixed Platforms.ActiveCfg = Release|Any CPU
		{6317F5F0-BC4B-4BFD-B3C0-73C05C2AA11E}.Release|Mixed Platforms.Build.0 = Release|Any CPU
		{6317F5F0-BC4B-4BFD-B3C0-73C05C2AA11E}.Release|Win32.ActiveCfg = Release|Any CPU
		{6317F5F0-BC4B-4BFD-B3C0-73C05C2AA11E}.Release|Win32.Build.0 = Release|Any CPU
		{6317F5F0-BC4B-4BFD-B3C0-73C05C2AA11E}.Release|x64.ActiveCfg = Release|x64
		{6317F5F0-BC4B-4BFD-B3C0-73C05C2AA11E}.Release|x64.Build.0 = Release|x64
		{6317F5F0-BC4B-4BFD-B3C0-73C05C2AA11E}.Release|x86.ActiveCfg = Release|Any CPU
		{6317F5F0-BC4B-4BFD-B3C0-73C05C2AA11E}.Release|x86.Build.0 = Release|Any CPU
		{15E44653-B4A9-40D5-9FCD-4BA476D80B12}.Debug|Any CPU.ActiveCfg = Debug|Any CPU
		{15E44653-B4A9-40D5-9FCD-4BA476D80B12}.Debug|Any CPU.Build.0 = Debug|Any CPU
		{15E44653-B4A9-40D5-9FCD-4BA476D80B12}.Debug|ARM32.ActiveCfg = Debug|Any CPU
		{15E44653-B4A9-40D5-9FCD-4BA476D80B12}.Debug|ARM32.Build.0 = Debug|Any CPU
		{15E44653-B4A9-40D5-9FCD-4BA476D80B12}.Debug|Mixed Platforms.ActiveCfg = Debug|Any CPU
		{15E44653-B4A9-40D5-9FCD-4BA476D80B12}.Debug|Mixed Platforms.Build.0 = Debug|Any CPU
		{15E44653-B4A9-40D5-9FCD-4BA476D80B12}.Debug|Win32.ActiveCfg = Debug|Any CPU
		{15E44653-B4A9-40D5-9FCD-4BA476D80B12}.Debug|Win32.Build.0 = Debug|Any CPU
		{15E44653-B4A9-40D5-9FCD-4BA476D80B12}.Debug|x64.ActiveCfg = Debug|x64
		{15E44653-B4A9-40D5-9FCD-4BA476D80B12}.Debug|x64.Build.0 = Debug|x64
		{15E44653-B4A9-40D5-9FCD-4BA476D80B12}.Debug|x86.ActiveCfg = Debug|Any CPU
		{15E44653-B4A9-40D5-9FCD-4BA476D80B12}.Debug|x86.Build.0 = Debug|Any CPU
		{15E44653-B4A9-40D5-9FCD-4BA476D80B12}.Release|Any CPU.ActiveCfg = Release|Any CPU
		{15E44653-B4A9-40D5-9FCD-4BA476D80B12}.Release|Any CPU.Build.0 = Release|Any CPU
		{15E44653-B4A9-40D5-9FCD-4BA476D80B12}.Release|ARM32.ActiveCfg = Release|Any CPU
		{15E44653-B4A9-40D5-9FCD-4BA476D80B12}.Release|ARM32.Build.0 = Release|Any CPU
		{15E44653-B4A9-40D5-9FCD-4BA476D80B12}.Release|Mixed Platforms.ActiveCfg = Release|Any CPU
		{15E44653-B4A9-40D5-9FCD-4BA476D80B12}.Release|Mixed Platforms.Build.0 = Release|Any CPU
		{15E44653-B4A9-40D5-9FCD-4BA476D80B12}.Release|Win32.ActiveCfg = Release|Any CPU
		{15E44653-B4A9-40D5-9FCD-4BA476D80B12}.Release|Win32.Build.0 = Release|Any CPU
		{15E44653-B4A9-40D5-9FCD-4BA476D80B12}.Release|x64.ActiveCfg = Release|x64
		{15E44653-B4A9-40D5-9FCD-4BA476D80B12}.Release|x64.Build.0 = Release|x64
		{15E44653-B4A9-40D5-9FCD-4BA476D80B12}.Release|x86.ActiveCfg = Release|Any CPU
		{15E44653-B4A9-40D5-9FCD-4BA476D80B12}.Release|x86.Build.0 = Release|Any CPU
		{D88D86CD-6732-45E7-8FC9-49449EA9C737}.Debug|Any CPU.ActiveCfg = Debug|Any CPU
		{D88D86CD-6732-45E7-8FC9-49449EA9C737}.Debug|Any CPU.Build.0 = Debug|Any CPU
		{D88D86CD-6732-45E7-8FC9-49449EA9C737}.Debug|ARM32.ActiveCfg = Debug|Any CPU
		{D88D86CD-6732-45E7-8FC9-49449EA9C737}.Debug|ARM32.Build.0 = Debug|Any CPU
		{D88D86CD-6732-45E7-8FC9-49449EA9C737}.Debug|Mixed Platforms.ActiveCfg = Debug|Any CPU
		{D88D86CD-6732-45E7-8FC9-49449EA9C737}.Debug|Mixed Platforms.Build.0 = Debug|Any CPU
		{D88D86CD-6732-45E7-8FC9-49449EA9C737}.Debug|Win32.ActiveCfg = Debug|Any CPU
		{D88D86CD-6732-45E7-8FC9-49449EA9C737}.Debug|Win32.Build.0 = Debug|Any CPU
		{D88D86CD-6732-45E7-8FC9-49449EA9C737}.Debug|x64.ActiveCfg = Debug|x64
		{D88D86CD-6732-45E7-8FC9-49449EA9C737}.Debug|x64.Build.0 = Debug|x64
		{D88D86CD-6732-45E7-8FC9-49449EA9C737}.Debug|x86.ActiveCfg = Debug|Any CPU
		{D88D86CD-6732-45E7-8FC9-49449EA9C737}.Debug|x86.Build.0 = Debug|Any CPU
		{D88D86CD-6732-45E7-8FC9-49449EA9C737}.Release|Any CPU.ActiveCfg = Release|Any CPU
		{D88D86CD-6732-45E7-8FC9-49449EA9C737}.Release|Any CPU.Build.0 = Release|Any CPU
		{D88D86CD-6732-45E7-8FC9-49449EA9C737}.Release|ARM32.ActiveCfg = Release|Any CPU
		{D88D86CD-6732-45E7-8FC9-49449EA9C737}.Release|ARM32.Build.0 = Release|Any CPU
		{D88D86CD-6732-45E7-8FC9-49449EA9C737}.Release|Mixed Platforms.ActiveCfg = Release|Any CPU
		{D88D86CD-6732-45E7-8FC9-49449EA9C737}.Release|Mixed Platforms.Build.0 = Release|Any CPU
		{D88D86CD-6732-45E7-8FC9-49449EA9C737}.Release|Win32.ActiveCfg = Release|Any CPU
		{D88D86CD-6732-45E7-8FC9-49449EA9C737}.Release|Win32.Build.0 = Release|Any CPU
		{D88D86CD-6732-45E7-8FC9-49449EA9C737}.Release|x64.ActiveCfg = Release|x64
		{D88D86CD-6732-45E7-8FC9-49449EA9C737}.Release|x64.Build.0 = Release|x64
		{D88D86CD-6732-45E7-8FC9-49449EA9C737}.Release|x86.ActiveCfg = Release|Any CPU
		{D88D86CD-6732-45E7-8FC9-49449EA9C737}.Release|x86.Build.0 = Release|Any CPU
		{D2CC5CEF-3003-4A5D-A532-8EB7E4FA40F2}.Debug|Any CPU.ActiveCfg = Debug|Any CPU
		{D2CC5CEF-3003-4A5D-A532-8EB7E4FA40F2}.Debug|Any CPU.Build.0 = Debug|Any CPU
		{D2CC5CEF-3003-4A5D-A532-8EB7E4FA40F2}.Debug|ARM32.ActiveCfg = Debug|Any CPU
		{D2CC5CEF-3003-4A5D-A532-8EB7E4FA40F2}.Debug|ARM32.Build.0 = Debug|Any CPU
		{D2CC5CEF-3003-4A5D-A532-8EB7E4FA40F2}.Debug|Mixed Platforms.ActiveCfg = Debug|Any CPU
		{D2CC5CEF-3003-4A5D-A532-8EB7E4FA40F2}.Debug|Mixed Platforms.Build.0 = Debug|Any CPU
		{D2CC5CEF-3003-4A5D-A532-8EB7E4FA40F2}.Debug|Win32.ActiveCfg = Debug|Any CPU
		{D2CC5CEF-3003-4A5D-A532-8EB7E4FA40F2}.Debug|Win32.Build.0 = Debug|Any CPU
		{D2CC5CEF-3003-4A5D-A532-8EB7E4FA40F2}.Debug|x64.ActiveCfg = Debug|x64
		{D2CC5CEF-3003-4A5D-A532-8EB7E4FA40F2}.Debug|x64.Build.0 = Debug|x64
		{D2CC5CEF-3003-4A5D-A532-8EB7E4FA40F2}.Debug|x86.ActiveCfg = Debug|Any CPU
		{D2CC5CEF-3003-4A5D-A532-8EB7E4FA40F2}.Debug|x86.Build.0 = Debug|Any CPU
		{D2CC5CEF-3003-4A5D-A532-8EB7E4FA40F2}.Release|Any CPU.ActiveCfg = Release|Any CPU
		{D2CC5CEF-3003-4A5D-A532-8EB7E4FA40F2}.Release|Any CPU.Build.0 = Release|Any CPU
		{D2CC5CEF-3003-4A5D-A532-8EB7E4FA40F2}.Release|ARM32.ActiveCfg = Release|Any CPU
		{D2CC5CEF-3003-4A5D-A532-8EB7E4FA40F2}.Release|ARM32.Build.0 = Release|Any CPU
		{D2CC5CEF-3003-4A5D-A532-8EB7E4FA40F2}.Release|Mixed Platforms.ActiveCfg = Release|Any CPU
		{D2CC5CEF-3003-4A5D-A532-8EB7E4FA40F2}.Release|Mixed Platforms.Build.0 = Release|Any CPU
		{D2CC5CEF-3003-4A5D-A532-8EB7E4FA40F2}.Release|Win32.ActiveCfg = Release|Any CPU
		{D2CC5CEF-3003-4A5D-A532-8EB7E4FA40F2}.Release|Win32.Build.0 = Release|Any CPU
		{D2CC5CEF-3003-4A5D-A532-8EB7E4FA40F2}.Release|x64.ActiveCfg = Release|x64
		{D2CC5CEF-3003-4A5D-A532-8EB7E4FA40F2}.Release|x64.Build.0 = Release|x64
		{D2CC5CEF-3003-4A5D-A532-8EB7E4FA40F2}.Release|x86.ActiveCfg = Release|Any CPU
		{D2CC5CEF-3003-4A5D-A532-8EB7E4FA40F2}.Release|x86.Build.0 = Release|Any CPU
		{20048075-A2F3-4B97-B3C6-BEA794429741}.Debug|Any CPU.ActiveCfg = Debug|Any CPU
		{20048075-A2F3-4B97-B3C6-BEA794429741}.Debug|Any CPU.Build.0 = Debug|Any CPU
		{20048075-A2F3-4B97-B3C6-BEA794429741}.Debug|ARM32.ActiveCfg = Debug|Any CPU
		{20048075-A2F3-4B97-B3C6-BEA794429741}.Debug|ARM32.Build.0 = Debug|Any CPU
		{20048075-A2F3-4B97-B3C6-BEA794429741}.Debug|Mixed Platforms.ActiveCfg = Debug|Any CPU
		{20048075-A2F3-4B97-B3C6-BEA794429741}.Debug|Mixed Platforms.Build.0 = Debug|Any CPU
		{20048075-A2F3-4B97-B3C6-BEA794429741}.Debug|Win32.ActiveCfg = Debug|Any CPU
		{20048075-A2F3-4B97-B3C6-BEA794429741}.Debug|Win32.Build.0 = Debug|Any CPU
		{20048075-A2F3-4B97-B3C6-BEA794429741}.Debug|x64.ActiveCfg = Debug|x64
		{20048075-A2F3-4B97-B3C6-BEA794429741}.Debug|x64.Build.0 = Debug|x64
		{20048075-A2F3-4B97-B3C6-BEA794429741}.Debug|x86.ActiveCfg = Debug|Any CPU
		{20048075-A2F3-4B97-B3C6-BEA794429741}.Debug|x86.Build.0 = Debug|Any CPU
		{20048075-A2F3-4B97-B3C6-BEA794429741}.Release|Any CPU.ActiveCfg = Release|Any CPU
		{20048075-A2F3-4B97-B3C6-BEA794429741}.Release|Any CPU.Build.0 = Release|Any CPU
		{20048075-A2F3-4B97-B3C6-BEA794429741}.Release|ARM32.ActiveCfg = Release|Any CPU
		{20048075-A2F3-4B97-B3C6-BEA794429741}.Release|ARM32.Build.0 = Release|Any CPU
		{20048075-A2F3-4B97-B3C6-BEA794429741}.Release|Mixed Platforms.ActiveCfg = Release|Any CPU
		{20048075-A2F3-4B97-B3C6-BEA794429741}.Release|Mixed Platforms.Build.0 = Release|Any CPU
		{20048075-A2F3-4B97-B3C6-BEA794429741}.Release|Win32.ActiveCfg = Release|Any CPU
		{20048075-A2F3-4B97-B3C6-BEA794429741}.Release|Win32.Build.0 = Release|Any CPU
		{20048075-A2F3-4B97-B3C6-BEA794429741}.Release|x64.ActiveCfg = Release|x64
		{20048075-A2F3-4B97-B3C6-BEA794429741}.Release|x64.Build.0 = Release|x64
		{20048075-A2F3-4B97-B3C6-BEA794429741}.Release|x86.ActiveCfg = Release|Any CPU
		{20048075-A2F3-4B97-B3C6-BEA794429741}.Release|x86.Build.0 = Release|Any CPU
		{465CB0FF-C9FA-4371-AD10-51C6DFF537B8}.Debug|Any CPU.ActiveCfg = Debug|Any CPU
		{465CB0FF-C9FA-4371-AD10-51C6DFF537B8}.Debug|Any CPU.Build.0 = Debug|Any CPU
		{465CB0FF-C9FA-4371-AD10-51C6DFF537B8}.Debug|ARM32.ActiveCfg = Debug|Any CPU
		{465CB0FF-C9FA-4371-AD10-51C6DFF537B8}.Debug|ARM32.Build.0 = Debug|Any CPU
		{465CB0FF-C9FA-4371-AD10-51C6DFF537B8}.Debug|Mixed Platforms.ActiveCfg = Debug|Any CPU
		{465CB0FF-C9FA-4371-AD10-51C6DFF537B8}.Debug|Mixed Platforms.Build.0 = Debug|Any CPU
		{465CB0FF-C9FA-4371-AD10-51C6DFF537B8}.Debug|Win32.ActiveCfg = Debug|Any CPU
		{465CB0FF-C9FA-4371-AD10-51C6DFF537B8}.Debug|Win32.Build.0 = Debug|Any CPU
		{465CB0FF-C9FA-4371-AD10-51C6DFF537B8}.Debug|x64.ActiveCfg = Debug|Any CPU
		{465CB0FF-C9FA-4371-AD10-51C6DFF537B8}.Debug|x64.Build.0 = Debug|Any CPU
		{465CB0FF-C9FA-4371-AD10-51C6DFF537B8}.Debug|x86.ActiveCfg = Debug|Any CPU
		{465CB0FF-C9FA-4371-AD10-51C6DFF537B8}.Debug|x86.Build.0 = Debug|Any CPU
		{465CB0FF-C9FA-4371-AD10-51C6DFF537B8}.Release|Any CPU.ActiveCfg = Release|Any CPU
		{465CB0FF-C9FA-4371-AD10-51C6DFF537B8}.Release|Any CPU.Build.0 = Release|Any CPU
		{465CB0FF-C9FA-4371-AD10-51C6DFF537B8}.Release|ARM32.ActiveCfg = Release|Any CPU
		{465CB0FF-C9FA-4371-AD10-51C6DFF537B8}.Release|ARM32.Build.0 = Release|Any CPU
		{465CB0FF-C9FA-4371-AD10-51C6DFF537B8}.Release|Mixed Platforms.ActiveCfg = Release|Any CPU
		{465CB0FF-C9FA-4371-AD10-51C6DFF537B8}.Release|Mixed Platforms.Build.0 = Release|Any CPU
		{465CB0FF-C9FA-4371-AD10-51C6DFF537B8}.Release|Win32.ActiveCfg = Release|Any CPU
		{465CB0FF-C9FA-4371-AD10-51C6DFF537B8}.Release|Win32.Build.0 = Release|Any CPU
		{465CB0FF-C9FA-4371-AD10-51C6DFF537B8}.Release|x64.ActiveCfg = Release|Any CPU
		{465CB0FF-C9FA-4371-AD10-51C6DFF537B8}.Release|x64.Build.0 = Release|Any CPU
		{465CB0FF-C9FA-4371-AD10-51C6DFF537B8}.Release|x86.ActiveCfg = Release|Any CPU
		{465CB0FF-C9FA-4371-AD10-51C6DFF537B8}.Release|x86.Build.0 = Release|Any CPU
		{E6078FC1-3AE0-4E33-AE7C-75E7AAAC7A02}.Debug|Any CPU.ActiveCfg = Debug|Any CPU
		{E6078FC1-3AE0-4E33-AE7C-75E7AAAC7A02}.Debug|Any CPU.Build.0 = Debug|Any CPU
		{E6078FC1-3AE0-4E33-AE7C-75E7AAAC7A02}.Debug|ARM32.ActiveCfg = Debug|Any CPU
		{E6078FC1-3AE0-4E33-AE7C-75E7AAAC7A02}.Debug|ARM32.Build.0 = Debug|Any CPU
		{E6078FC1-3AE0-4E33-AE7C-75E7AAAC7A02}.Debug|Mixed Platforms.ActiveCfg = Debug|Any CPU
		{E6078FC1-3AE0-4E33-AE7C-75E7AAAC7A02}.Debug|Mixed Platforms.Build.0 = Debug|Any CPU
		{E6078FC1-3AE0-4E33-AE7C-75E7AAAC7A02}.Debug|Win32.ActiveCfg = Debug|Any CPU
		{E6078FC1-3AE0-4E33-AE7C-75E7AAAC7A02}.Debug|Win32.Build.0 = Debug|Any CPU
		{E6078FC1-3AE0-4E33-AE7C-75E7AAAC7A02}.Debug|x64.ActiveCfg = Debug|x64
		{E6078FC1-3AE0-4E33-AE7C-75E7AAAC7A02}.Debug|x64.Build.0 = Debug|x64
		{E6078FC1-3AE0-4E33-AE7C-75E7AAAC7A02}.Debug|x86.ActiveCfg = Debug|Any CPU
		{E6078FC1-3AE0-4E33-AE7C-75E7AAAC7A02}.Debug|x86.Build.0 = Debug|Any CPU
		{E6078FC1-3AE0-4E33-AE7C-75E7AAAC7A02}.Release|Any CPU.ActiveCfg = Release|Any CPU
		{E6078FC1-3AE0-4E33-AE7C-75E7AAAC7A02}.Release|Any CPU.Build.0 = Release|Any CPU
		{E6078FC1-3AE0-4E33-AE7C-75E7AAAC7A02}.Release|ARM32.ActiveCfg = Release|Any CPU
		{E6078FC1-3AE0-4E33-AE7C-75E7AAAC7A02}.Release|ARM32.Build.0 = Release|Any CPU
		{E6078FC1-3AE0-4E33-AE7C-75E7AAAC7A02}.Release|Mixed Platforms.ActiveCfg = Release|Any CPU
		{E6078FC1-3AE0-4E33-AE7C-75E7AAAC7A02}.Release|Mixed Platforms.Build.0 = Release|Any CPU
		{E6078FC1-3AE0-4E33-AE7C-75E7AAAC7A02}.Release|Win32.ActiveCfg = Release|Any CPU
		{E6078FC1-3AE0-4E33-AE7C-75E7AAAC7A02}.Release|Win32.Build.0 = Release|Any CPU
		{E6078FC1-3AE0-4E33-AE7C-75E7AAAC7A02}.Release|x64.ActiveCfg = Release|x64
		{E6078FC1-3AE0-4E33-AE7C-75E7AAAC7A02}.Release|x64.Build.0 = Release|x64
		{E6078FC1-3AE0-4E33-AE7C-75E7AAAC7A02}.Release|x86.ActiveCfg = Release|Any CPU
		{E6078FC1-3AE0-4E33-AE7C-75E7AAAC7A02}.Release|x86.Build.0 = Release|Any CPU
		{39475DD4-6793-454F-8C48-06452F42C300}.Debug|Any CPU.ActiveCfg = Debug|Any CPU
		{39475DD4-6793-454F-8C48-06452F42C300}.Debug|Any CPU.Build.0 = Debug|Any CPU
		{39475DD4-6793-454F-8C48-06452F42C300}.Debug|ARM32.ActiveCfg = Debug|Any CPU
		{39475DD4-6793-454F-8C48-06452F42C300}.Debug|ARM32.Build.0 = Debug|Any CPU
		{39475DD4-6793-454F-8C48-06452F42C300}.Debug|Mixed Platforms.ActiveCfg = Debug|Any CPU
		{39475DD4-6793-454F-8C48-06452F42C300}.Debug|Mixed Platforms.Build.0 = Debug|Any CPU
		{39475DD4-6793-454F-8C48-06452F42C300}.Debug|Win32.ActiveCfg = Debug|Any CPU
		{39475DD4-6793-454F-8C48-06452F42C300}.Debug|Win32.Build.0 = Debug|Any CPU
		{39475DD4-6793-454F-8C48-06452F42C300}.Debug|x64.ActiveCfg = Debug|Any CPU
		{39475DD4-6793-454F-8C48-06452F42C300}.Debug|x64.Build.0 = Debug|Any CPU
		{39475DD4-6793-454F-8C48-06452F42C300}.Debug|x86.ActiveCfg = Debug|Any CPU
		{39475DD4-6793-454F-8C48-06452F42C300}.Debug|x86.Build.0 = Debug|Any CPU
		{39475DD4-6793-454F-8C48-06452F42C300}.Release|Any CPU.ActiveCfg = Release|Any CPU
		{39475DD4-6793-454F-8C48-06452F42C300}.Release|Any CPU.Build.0 = Release|Any CPU
		{39475DD4-6793-454F-8C48-06452F42C300}.Release|ARM32.ActiveCfg = Release|Any CPU
		{39475DD4-6793-454F-8C48-06452F42C300}.Release|ARM32.Build.0 = Release|Any CPU
		{39475DD4-6793-454F-8C48-06452F42C300}.Release|Mixed Platforms.ActiveCfg = Release|Any CPU
		{39475DD4-6793-454F-8C48-06452F42C300}.Release|Mixed Platforms.Build.0 = Release|Any CPU
		{39475DD4-6793-454F-8C48-06452F42C300}.Release|Win32.ActiveCfg = Release|Any CPU
		{39475DD4-6793-454F-8C48-06452F42C300}.Release|Win32.Build.0 = Release|Any CPU
		{39475DD4-6793-454F-8C48-06452F42C300}.Release|x64.ActiveCfg = Release|Any CPU
		{39475DD4-6793-454F-8C48-06452F42C300}.Release|x64.Build.0 = Release|Any CPU
		{39475DD4-6793-454F-8C48-06452F42C300}.Release|x86.ActiveCfg = Release|Any CPU
		{39475DD4-6793-454F-8C48-06452F42C300}.Release|x86.Build.0 = Release|Any CPU
		{466DD2AE-EADC-4E20-82B3-DA6D018006C5}.Debug|Any CPU.ActiveCfg = Debug|Any CPU
		{466DD2AE-EADC-4E20-82B3-DA6D018006C5}.Debug|Any CPU.Build.0 = Debug|Any CPU
		{466DD2AE-EADC-4E20-82B3-DA6D018006C5}.Debug|ARM32.ActiveCfg = Debug|Any CPU
		{466DD2AE-EADC-4E20-82B3-DA6D018006C5}.Debug|ARM32.Build.0 = Debug|Any CPU
		{466DD2AE-EADC-4E20-82B3-DA6D018006C5}.Debug|Mixed Platforms.ActiveCfg = Debug|Any CPU
		{466DD2AE-EADC-4E20-82B3-DA6D018006C5}.Debug|Mixed Platforms.Build.0 = Debug|Any CPU
		{466DD2AE-EADC-4E20-82B3-DA6D018006C5}.Debug|Win32.ActiveCfg = Debug|Any CPU
		{466DD2AE-EADC-4E20-82B3-DA6D018006C5}.Debug|Win32.Build.0 = Debug|Any CPU
		{466DD2AE-EADC-4E20-82B3-DA6D018006C5}.Debug|x64.ActiveCfg = Debug|Any CPU
		{466DD2AE-EADC-4E20-82B3-DA6D018006C5}.Debug|x64.Build.0 = Debug|Any CPU
		{466DD2AE-EADC-4E20-82B3-DA6D018006C5}.Debug|x86.ActiveCfg = Debug|Any CPU
		{466DD2AE-EADC-4E20-82B3-DA6D018006C5}.Debug|x86.Build.0 = Debug|Any CPU
		{466DD2AE-EADC-4E20-82B3-DA6D018006C5}.Release|Any CPU.ActiveCfg = Release|Any CPU
		{466DD2AE-EADC-4E20-82B3-DA6D018006C5}.Release|Any CPU.Build.0 = Release|Any CPU
		{466DD2AE-EADC-4E20-82B3-DA6D018006C5}.Release|ARM32.ActiveCfg = Release|Any CPU
		{466DD2AE-EADC-4E20-82B3-DA6D018006C5}.Release|ARM32.Build.0 = Release|Any CPU
		{466DD2AE-EADC-4E20-82B3-DA6D018006C5}.Release|Mixed Platforms.ActiveCfg = Release|Any CPU
		{466DD2AE-EADC-4E20-82B3-DA6D018006C5}.Release|Mixed Platforms.Build.0 = Release|Any CPU
		{466DD2AE-EADC-4E20-82B3-DA6D018006C5}.Release|Win32.ActiveCfg = Release|Any CPU
		{466DD2AE-EADC-4E20-82B3-DA6D018006C5}.Release|Win32.Build.0 = Release|Any CPU
		{466DD2AE-EADC-4E20-82B3-DA6D018006C5}.Release|x64.ActiveCfg = Release|Any CPU
		{466DD2AE-EADC-4E20-82B3-DA6D018006C5}.Release|x64.Build.0 = Release|Any CPU
		{466DD2AE-EADC-4E20-82B3-DA6D018006C5}.Release|x86.ActiveCfg = Release|Any CPU
		{466DD2AE-EADC-4E20-82B3-DA6D018006C5}.Release|x86.Build.0 = Release|Any CPU
		{1EC4200D-E955-4617-9558-B859BB6B5AF2}.Debug|Any CPU.ActiveCfg = Debug|Any CPU
		{1EC4200D-E955-4617-9558-B859BB6B5AF2}.Debug|Any CPU.Build.0 = Debug|Any CPU
		{1EC4200D-E955-4617-9558-B859BB6B5AF2}.Debug|ARM32.ActiveCfg = Debug|Any CPU
		{1EC4200D-E955-4617-9558-B859BB6B5AF2}.Debug|ARM32.Build.0 = Debug|Any CPU
		{1EC4200D-E955-4617-9558-B859BB6B5AF2}.Debug|Mixed Platforms.ActiveCfg = Debug|Any CPU
		{1EC4200D-E955-4617-9558-B859BB6B5AF2}.Debug|Mixed Platforms.Build.0 = Debug|Any CPU
		{1EC4200D-E955-4617-9558-B859BB6B5AF2}.Debug|Win32.ActiveCfg = Debug|Any CPU
		{1EC4200D-E955-4617-9558-B859BB6B5AF2}.Debug|Win32.Build.0 = Debug|Any CPU
		{1EC4200D-E955-4617-9558-B859BB6B5AF2}.Debug|x64.ActiveCfg = Debug|x64
		{1EC4200D-E955-4617-9558-B859BB6B5AF2}.Debug|x64.Build.0 = Debug|x64
		{1EC4200D-E955-4617-9558-B859BB6B5AF2}.Debug|x86.ActiveCfg = Debug|Any CPU
		{1EC4200D-E955-4617-9558-B859BB6B5AF2}.Debug|x86.Build.0 = Debug|Any CPU
		{1EC4200D-E955-4617-9558-B859BB6B5AF2}.Release|Any CPU.ActiveCfg = Release|Any CPU
		{1EC4200D-E955-4617-9558-B859BB6B5AF2}.Release|Any CPU.Build.0 = Release|Any CPU
		{1EC4200D-E955-4617-9558-B859BB6B5AF2}.Release|ARM32.ActiveCfg = Release|Any CPU
		{1EC4200D-E955-4617-9558-B859BB6B5AF2}.Release|ARM32.Build.0 = Release|Any CPU
		{1EC4200D-E955-4617-9558-B859BB6B5AF2}.Release|Mixed Platforms.ActiveCfg = Release|Any CPU
		{1EC4200D-E955-4617-9558-B859BB6B5AF2}.Release|Mixed Platforms.Build.0 = Release|Any CPU
		{1EC4200D-E955-4617-9558-B859BB6B5AF2}.Release|Win32.ActiveCfg = Release|Any CPU
		{1EC4200D-E955-4617-9558-B859BB6B5AF2}.Release|Win32.Build.0 = Release|Any CPU
		{1EC4200D-E955-4617-9558-B859BB6B5AF2}.Release|x64.ActiveCfg = Release|x64
		{1EC4200D-E955-4617-9558-B859BB6B5AF2}.Release|x64.Build.0 = Release|x64
		{1EC4200D-E955-4617-9558-B859BB6B5AF2}.Release|x86.ActiveCfg = Release|Any CPU
		{1EC4200D-E955-4617-9558-B859BB6B5AF2}.Release|x86.Build.0 = Release|Any CPU
		{9422AB9D-341B-4B72-8611-86418707B2E8}.Debug|Any CPU.ActiveCfg = Debug|Any CPU
		{9422AB9D-341B-4B72-8611-86418707B2E8}.Debug|Any CPU.Build.0 = Debug|Any CPU
		{9422AB9D-341B-4B72-8611-86418707B2E8}.Debug|ARM32.ActiveCfg = Debug|Any CPU
		{9422AB9D-341B-4B72-8611-86418707B2E8}.Debug|Mixed Platforms.ActiveCfg = Debug|Any CPU
		{9422AB9D-341B-4B72-8611-86418707B2E8}.Debug|Mixed Platforms.Build.0 = Debug|Any CPU
		{9422AB9D-341B-4B72-8611-86418707B2E8}.Debug|Win32.ActiveCfg = Debug|Any CPU
		{9422AB9D-341B-4B72-8611-86418707B2E8}.Debug|Win32.Build.0 = Debug|Any CPU
		{9422AB9D-341B-4B72-8611-86418707B2E8}.Debug|x64.ActiveCfg = Debug|Any CPU
		{9422AB9D-341B-4B72-8611-86418707B2E8}.Debug|x86.ActiveCfg = Debug|Any CPU
		{9422AB9D-341B-4B72-8611-86418707B2E8}.Debug|x86.Build.0 = Debug|Any CPU
		{9422AB9D-341B-4B72-8611-86418707B2E8}.Release|Any CPU.ActiveCfg = Release|Any CPU
		{9422AB9D-341B-4B72-8611-86418707B2E8}.Release|Any CPU.Build.0 = Release|Any CPU
		{9422AB9D-341B-4B72-8611-86418707B2E8}.Release|ARM32.ActiveCfg = Release|Any CPU
		{9422AB9D-341B-4B72-8611-86418707B2E8}.Release|Mixed Platforms.ActiveCfg = Release|Any CPU
		{9422AB9D-341B-4B72-8611-86418707B2E8}.Release|Mixed Platforms.Build.0 = Release|Any CPU
		{9422AB9D-341B-4B72-8611-86418707B2E8}.Release|Win32.ActiveCfg = Release|Any CPU
		{9422AB9D-341B-4B72-8611-86418707B2E8}.Release|Win32.Build.0 = Release|Any CPU
		{9422AB9D-341B-4B72-8611-86418707B2E8}.Release|x64.ActiveCfg = Release|Any CPU
		{9422AB9D-341B-4B72-8611-86418707B2E8}.Release|x86.ActiveCfg = Release|Any CPU
		{9422AB9D-341B-4B72-8611-86418707B2E8}.Release|x86.Build.0 = Release|Any CPU
		{EC1307C6-309F-43EA-BFCC-5219E2F5A103}.Debug|Any CPU.ActiveCfg = Debug|Any CPU
		{EC1307C6-309F-43EA-BFCC-5219E2F5A103}.Debug|Any CPU.Build.0 = Debug|Any CPU
		{EC1307C6-309F-43EA-BFCC-5219E2F5A103}.Debug|ARM32.ActiveCfg = Debug|Any CPU
		{EC1307C6-309F-43EA-BFCC-5219E2F5A103}.Debug|ARM32.Build.0 = Debug|Any CPU
		{EC1307C6-309F-43EA-BFCC-5219E2F5A103}.Debug|Mixed Platforms.ActiveCfg = Debug|Any CPU
		{EC1307C6-309F-43EA-BFCC-5219E2F5A103}.Debug|Mixed Platforms.Build.0 = Debug|Any CPU
		{EC1307C6-309F-43EA-BFCC-5219E2F5A103}.Debug|Win32.ActiveCfg = Debug|Any CPU
		{EC1307C6-309F-43EA-BFCC-5219E2F5A103}.Debug|Win32.Build.0 = Debug|Any CPU
		{EC1307C6-309F-43EA-BFCC-5219E2F5A103}.Debug|x64.ActiveCfg = Debug|Any CPU
		{EC1307C6-309F-43EA-BFCC-5219E2F5A103}.Debug|x64.Build.0 = Debug|Any CPU
		{EC1307C6-309F-43EA-BFCC-5219E2F5A103}.Debug|x86.ActiveCfg = Debug|Any CPU
		{EC1307C6-309F-43EA-BFCC-5219E2F5A103}.Debug|x86.Build.0 = Debug|Any CPU
		{EC1307C6-309F-43EA-BFCC-5219E2F5A103}.Release|Any CPU.ActiveCfg = Release|Any CPU
		{EC1307C6-309F-43EA-BFCC-5219E2F5A103}.Release|Any CPU.Build.0 = Release|Any CPU
		{EC1307C6-309F-43EA-BFCC-5219E2F5A103}.Release|ARM32.ActiveCfg = Release|Any CPU
		{EC1307C6-309F-43EA-BFCC-5219E2F5A103}.Release|ARM32.Build.0 = Release|Any CPU
		{EC1307C6-309F-43EA-BFCC-5219E2F5A103}.Release|Mixed Platforms.ActiveCfg = Release|Any CPU
		{EC1307C6-309F-43EA-BFCC-5219E2F5A103}.Release|Mixed Platforms.Build.0 = Release|Any CPU
		{EC1307C6-309F-43EA-BFCC-5219E2F5A103}.Release|Win32.ActiveCfg = Release|Any CPU
		{EC1307C6-309F-43EA-BFCC-5219E2F5A103}.Release|Win32.Build.0 = Release|Any CPU
		{EC1307C6-309F-43EA-BFCC-5219E2F5A103}.Release|x64.ActiveCfg = Release|Any CPU
		{EC1307C6-309F-43EA-BFCC-5219E2F5A103}.Release|x64.Build.0 = Release|Any CPU
		{EC1307C6-309F-43EA-BFCC-5219E2F5A103}.Release|x86.ActiveCfg = Release|Any CPU
		{EC1307C6-309F-43EA-BFCC-5219E2F5A103}.Release|x86.Build.0 = Release|Any CPU
		{56DCAE82-671D-409E-A3B3-BF4834756D3F}.Debug|Any CPU.ActiveCfg = Debug|Any CPU
		{56DCAE82-671D-409E-A3B3-BF4834756D3F}.Debug|Any CPU.Build.0 = Debug|Any CPU
		{56DCAE82-671D-409E-A3B3-BF4834756D3F}.Debug|ARM32.ActiveCfg = Debug|Any CPU
		{56DCAE82-671D-409E-A3B3-BF4834756D3F}.Debug|Mixed Platforms.ActiveCfg = Debug|Any CPU
		{56DCAE82-671D-409E-A3B3-BF4834756D3F}.Debug|Mixed Platforms.Build.0 = Debug|Any CPU
		{56DCAE82-671D-409E-A3B3-BF4834756D3F}.Debug|Win32.ActiveCfg = Debug|Any CPU
		{56DCAE82-671D-409E-A3B3-BF4834756D3F}.Debug|Win32.Build.0 = Debug|Any CPU
		{56DCAE82-671D-409E-A3B3-BF4834756D3F}.Debug|x64.ActiveCfg = Debug|Any CPU
		{56DCAE82-671D-409E-A3B3-BF4834756D3F}.Debug|x86.ActiveCfg = Debug|Any CPU
		{56DCAE82-671D-409E-A3B3-BF4834756D3F}.Debug|x86.Build.0 = Debug|Any CPU
		{56DCAE82-671D-409E-A3B3-BF4834756D3F}.Release|Any CPU.ActiveCfg = Release|Any CPU
		{56DCAE82-671D-409E-A3B3-BF4834756D3F}.Release|Any CPU.Build.0 = Release|Any CPU
		{56DCAE82-671D-409E-A3B3-BF4834756D3F}.Release|ARM32.ActiveCfg = Release|Any CPU
		{56DCAE82-671D-409E-A3B3-BF4834756D3F}.Release|Mixed Platforms.ActiveCfg = Release|Any CPU
		{56DCAE82-671D-409E-A3B3-BF4834756D3F}.Release|Mixed Platforms.Build.0 = Release|Any CPU
		{56DCAE82-671D-409E-A3B3-BF4834756D3F}.Release|Win32.ActiveCfg = Release|Any CPU
		{56DCAE82-671D-409E-A3B3-BF4834756D3F}.Release|Win32.Build.0 = Release|Any CPU
		{56DCAE82-671D-409E-A3B3-BF4834756D3F}.Release|x64.ActiveCfg = Release|Any CPU
		{56DCAE82-671D-409E-A3B3-BF4834756D3F}.Release|x86.ActiveCfg = Release|Any CPU
		{56DCAE82-671D-409E-A3B3-BF4834756D3F}.Release|x86.Build.0 = Release|Any CPU
		{7F28941F-E399-4265-AA82-83D25AA065C6}.Debug|Any CPU.ActiveCfg = Debug|Any CPU
		{7F28941F-E399-4265-AA82-83D25AA065C6}.Debug|Any CPU.Build.0 = Debug|Any CPU
		{7F28941F-E399-4265-AA82-83D25AA065C6}.Debug|ARM32.ActiveCfg = Debug|Any CPU
		{7F28941F-E399-4265-AA82-83D25AA065C6}.Debug|Mixed Platforms.ActiveCfg = Debug|Any CPU
		{7F28941F-E399-4265-AA82-83D25AA065C6}.Debug|Mixed Platforms.Build.0 = Debug|Any CPU
		{7F28941F-E399-4265-AA82-83D25AA065C6}.Debug|Win32.ActiveCfg = Debug|Any CPU
		{7F28941F-E399-4265-AA82-83D25AA065C6}.Debug|Win32.Build.0 = Debug|Any CPU
		{7F28941F-E399-4265-AA82-83D25AA065C6}.Debug|x64.ActiveCfg = Debug|Any CPU
		{7F28941F-E399-4265-AA82-83D25AA065C6}.Debug|x86.ActiveCfg = Debug|Any CPU
		{7F28941F-E399-4265-AA82-83D25AA065C6}.Debug|x86.Build.0 = Debug|Any CPU
		{7F28941F-E399-4265-AA82-83D25AA065C6}.Release|Any CPU.ActiveCfg = Release|Any CPU
		{7F28941F-E399-4265-AA82-83D25AA065C6}.Release|Any CPU.Build.0 = Release|Any CPU
		{7F28941F-E399-4265-AA82-83D25AA065C6}.Release|ARM32.ActiveCfg = Release|Any CPU
		{7F28941F-E399-4265-AA82-83D25AA065C6}.Release|Mixed Platforms.ActiveCfg = Release|Any CPU
		{7F28941F-E399-4265-AA82-83D25AA065C6}.Release|Mixed Platforms.Build.0 = Release|Any CPU
		{7F28941F-E399-4265-AA82-83D25AA065C6}.Release|Win32.ActiveCfg = Release|Any CPU
		{7F28941F-E399-4265-AA82-83D25AA065C6}.Release|Win32.Build.0 = Release|Any CPU
		{7F28941F-E399-4265-AA82-83D25AA065C6}.Release|x64.ActiveCfg = Release|Any CPU
		{7F28941F-E399-4265-AA82-83D25AA065C6}.Release|x86.ActiveCfg = Release|Any CPU
		{7F28941F-E399-4265-AA82-83D25AA065C6}.Release|x86.Build.0 = Release|Any CPU
		{9CC6310F-C116-449D-BE97-63D152F98746}.Debug|Any CPU.ActiveCfg = Debug|Any CPU
		{9CC6310F-C116-449D-BE97-63D152F98746}.Debug|Any CPU.Build.0 = Debug|Any CPU
		{9CC6310F-C116-449D-BE97-63D152F98746}.Debug|ARM32.ActiveCfg = Debug|Any CPU
		{9CC6310F-C116-449D-BE97-63D152F98746}.Debug|ARM32.Build.0 = Debug|Any CPU
		{9CC6310F-C116-449D-BE97-63D152F98746}.Debug|Mixed Platforms.ActiveCfg = Debug|Any CPU
		{9CC6310F-C116-449D-BE97-63D152F98746}.Debug|Mixed Platforms.Build.0 = Debug|Any CPU
		{9CC6310F-C116-449D-BE97-63D152F98746}.Debug|Win32.ActiveCfg = Debug|Any CPU
		{9CC6310F-C116-449D-BE97-63D152F98746}.Debug|Win32.Build.0 = Debug|Any CPU
		{9CC6310F-C116-449D-BE97-63D152F98746}.Debug|x64.ActiveCfg = Debug|Any CPU
		{9CC6310F-C116-449D-BE97-63D152F98746}.Debug|x64.Build.0 = Debug|Any CPU
		{9CC6310F-C116-449D-BE97-63D152F98746}.Debug|x86.ActiveCfg = Debug|Any CPU
		{9CC6310F-C116-449D-BE97-63D152F98746}.Debug|x86.Build.0 = Debug|Any CPU
		{9CC6310F-C116-449D-BE97-63D152F98746}.Release|Any CPU.ActiveCfg = Release|Any CPU
		{9CC6310F-C116-449D-BE97-63D152F98746}.Release|Any CPU.Build.0 = Release|Any CPU
		{9CC6310F-C116-449D-BE97-63D152F98746}.Release|ARM32.ActiveCfg = Release|Any CPU
		{9CC6310F-C116-449D-BE97-63D152F98746}.Release|ARM32.Build.0 = Release|Any CPU
		{9CC6310F-C116-449D-BE97-63D152F98746}.Release|Mixed Platforms.ActiveCfg = Release|Any CPU
		{9CC6310F-C116-449D-BE97-63D152F98746}.Release|Mixed Platforms.Build.0 = Release|Any CPU
		{9CC6310F-C116-449D-BE97-63D152F98746}.Release|Win32.ActiveCfg = Release|Any CPU
		{9CC6310F-C116-449D-BE97-63D152F98746}.Release|Win32.Build.0 = Release|Any CPU
		{9CC6310F-C116-449D-BE97-63D152F98746}.Release|x64.ActiveCfg = Release|Any CPU
		{9CC6310F-C116-449D-BE97-63D152F98746}.Release|x64.Build.0 = Release|Any CPU
		{9CC6310F-C116-449D-BE97-63D152F98746}.Release|x86.ActiveCfg = Release|Any CPU
		{9CC6310F-C116-449D-BE97-63D152F98746}.Release|x86.Build.0 = Release|Any CPU
		{A533E1C7-AB74-4BCF-BC7A-12D4DBBFA918}.Debug|Any CPU.ActiveCfg = Debug|Any CPU
		{A533E1C7-AB74-4BCF-BC7A-12D4DBBFA918}.Debug|Any CPU.Build.0 = Debug|Any CPU
		{A533E1C7-AB74-4BCF-BC7A-12D4DBBFA918}.Debug|ARM32.ActiveCfg = Debug|Any CPU
		{A533E1C7-AB74-4BCF-BC7A-12D4DBBFA918}.Debug|ARM32.Build.0 = Debug|Any CPU
		{A533E1C7-AB74-4BCF-BC7A-12D4DBBFA918}.Debug|Mixed Platforms.ActiveCfg = Debug|Any CPU
		{A533E1C7-AB74-4BCF-BC7A-12D4DBBFA918}.Debug|Mixed Platforms.Build.0 = Debug|Any CPU
		{A533E1C7-AB74-4BCF-BC7A-12D4DBBFA918}.Debug|Win32.ActiveCfg = Debug|Any CPU
		{A533E1C7-AB74-4BCF-BC7A-12D4DBBFA918}.Debug|Win32.Build.0 = Debug|Any CPU
		{A533E1C7-AB74-4BCF-BC7A-12D4DBBFA918}.Debug|x64.ActiveCfg = Debug|Any CPU
		{A533E1C7-AB74-4BCF-BC7A-12D4DBBFA918}.Debug|x64.Build.0 = Debug|Any CPU
		{A533E1C7-AB74-4BCF-BC7A-12D4DBBFA918}.Debug|x86.ActiveCfg = Debug|Any CPU
		{A533E1C7-AB74-4BCF-BC7A-12D4DBBFA918}.Debug|x86.Build.0 = Debug|Any CPU
		{A533E1C7-AB74-4BCF-BC7A-12D4DBBFA918}.Release|Any CPU.ActiveCfg = Release|Any CPU
		{A533E1C7-AB74-4BCF-BC7A-12D4DBBFA918}.Release|Any CPU.Build.0 = Release|Any CPU
		{A533E1C7-AB74-4BCF-BC7A-12D4DBBFA918}.Release|ARM32.ActiveCfg = Release|Any CPU
		{A533E1C7-AB74-4BCF-BC7A-12D4DBBFA918}.Release|ARM32.Build.0 = Release|Any CPU
		{A533E1C7-AB74-4BCF-BC7A-12D4DBBFA918}.Release|Mixed Platforms.ActiveCfg = Release|Any CPU
		{A533E1C7-AB74-4BCF-BC7A-12D4DBBFA918}.Release|Mixed Platforms.Build.0 = Release|Any CPU
		{A533E1C7-AB74-4BCF-BC7A-12D4DBBFA918}.Release|Win32.ActiveCfg = Release|Any CPU
		{A533E1C7-AB74-4BCF-BC7A-12D4DBBFA918}.Release|Win32.Build.0 = Release|Any CPU
		{A533E1C7-AB74-4BCF-BC7A-12D4DBBFA918}.Release|x64.ActiveCfg = Release|Any CPU
		{A533E1C7-AB74-4BCF-BC7A-12D4DBBFA918}.Release|x64.Build.0 = Release|Any CPU
		{A533E1C7-AB74-4BCF-BC7A-12D4DBBFA918}.Release|x86.ActiveCfg = Release|Any CPU
		{A533E1C7-AB74-4BCF-BC7A-12D4DBBFA918}.Release|x86.Build.0 = Release|Any CPU
		{5EB9544F-51E1-42CC-ABFD-B9AFBA6A2A0D}.Debug|Any CPU.ActiveCfg = Debug|Any CPU
		{5EB9544F-51E1-42CC-ABFD-B9AFBA6A2A0D}.Debug|Any CPU.Build.0 = Debug|Any CPU
		{5EB9544F-51E1-42CC-ABFD-B9AFBA6A2A0D}.Debug|ARM32.ActiveCfg = Debug|Any CPU
		{5EB9544F-51E1-42CC-ABFD-B9AFBA6A2A0D}.Debug|Mixed Platforms.ActiveCfg = Debug|Any CPU
		{5EB9544F-51E1-42CC-ABFD-B9AFBA6A2A0D}.Debug|Mixed Platforms.Build.0 = Debug|Any CPU
		{5EB9544F-51E1-42CC-ABFD-B9AFBA6A2A0D}.Debug|Win32.ActiveCfg = Debug|Any CPU
		{5EB9544F-51E1-42CC-ABFD-B9AFBA6A2A0D}.Debug|Win32.Build.0 = Debug|Any CPU
		{5EB9544F-51E1-42CC-ABFD-B9AFBA6A2A0D}.Debug|x64.ActiveCfg = Debug|Any CPU
		{5EB9544F-51E1-42CC-ABFD-B9AFBA6A2A0D}.Debug|x86.ActiveCfg = Debug|Any CPU
		{5EB9544F-51E1-42CC-ABFD-B9AFBA6A2A0D}.Debug|x86.Build.0 = Debug|Any CPU
		{5EB9544F-51E1-42CC-ABFD-B9AFBA6A2A0D}.Release|Any CPU.ActiveCfg = Release|Any CPU
		{5EB9544F-51E1-42CC-ABFD-B9AFBA6A2A0D}.Release|Any CPU.Build.0 = Release|Any CPU
		{5EB9544F-51E1-42CC-ABFD-B9AFBA6A2A0D}.Release|ARM32.ActiveCfg = Release|Any CPU
		{5EB9544F-51E1-42CC-ABFD-B9AFBA6A2A0D}.Release|Mixed Platforms.ActiveCfg = Release|Any CPU
		{5EB9544F-51E1-42CC-ABFD-B9AFBA6A2A0D}.Release|Mixed Platforms.Build.0 = Release|Any CPU
		{5EB9544F-51E1-42CC-ABFD-B9AFBA6A2A0D}.Release|Win32.ActiveCfg = Release|Any CPU
		{5EB9544F-51E1-42CC-ABFD-B9AFBA6A2A0D}.Release|Win32.Build.0 = Release|Any CPU
		{5EB9544F-51E1-42CC-ABFD-B9AFBA6A2A0D}.Release|x64.ActiveCfg = Release|Any CPU
		{5EB9544F-51E1-42CC-ABFD-B9AFBA6A2A0D}.Release|x86.ActiveCfg = Release|Any CPU
		{5EB9544F-51E1-42CC-ABFD-B9AFBA6A2A0D}.Release|x86.Build.0 = Release|Any CPU
		{572E6B12-051F-4E41-AF01-0831B210CF66}.Debug|Any CPU.ActiveCfg = Debug|Any CPU
		{572E6B12-051F-4E41-AF01-0831B210CF66}.Debug|Any CPU.Build.0 = Debug|Any CPU
		{572E6B12-051F-4E41-AF01-0831B210CF66}.Debug|ARM32.ActiveCfg = Debug|Any CPU
		{572E6B12-051F-4E41-AF01-0831B210CF66}.Debug|ARM32.Build.0 = Debug|Any CPU
		{572E6B12-051F-4E41-AF01-0831B210CF66}.Debug|Mixed Platforms.ActiveCfg = Debug|Any CPU
		{572E6B12-051F-4E41-AF01-0831B210CF66}.Debug|Mixed Platforms.Build.0 = Debug|Any CPU
		{572E6B12-051F-4E41-AF01-0831B210CF66}.Debug|Win32.ActiveCfg = Debug|Any CPU
		{572E6B12-051F-4E41-AF01-0831B210CF66}.Debug|Win32.Build.0 = Debug|Any CPU
		{572E6B12-051F-4E41-AF01-0831B210CF66}.Debug|x64.ActiveCfg = Debug|x64
		{572E6B12-051F-4E41-AF01-0831B210CF66}.Debug|x64.Build.0 = Debug|x64
		{572E6B12-051F-4E41-AF01-0831B210CF66}.Debug|x86.ActiveCfg = Debug|Any CPU
		{572E6B12-051F-4E41-AF01-0831B210CF66}.Debug|x86.Build.0 = Debug|Any CPU
		{572E6B12-051F-4E41-AF01-0831B210CF66}.Release|Any CPU.ActiveCfg = Release|Any CPU
		{572E6B12-051F-4E41-AF01-0831B210CF66}.Release|Any CPU.Build.0 = Release|Any CPU
		{572E6B12-051F-4E41-AF01-0831B210CF66}.Release|ARM32.ActiveCfg = Release|Any CPU
		{572E6B12-051F-4E41-AF01-0831B210CF66}.Release|ARM32.Build.0 = Release|Any CPU
		{572E6B12-051F-4E41-AF01-0831B210CF66}.Release|Mixed Platforms.ActiveCfg = Release|Any CPU
		{572E6B12-051F-4E41-AF01-0831B210CF66}.Release|Mixed Platforms.Build.0 = Release|Any CPU
		{572E6B12-051F-4E41-AF01-0831B210CF66}.Release|Win32.ActiveCfg = Release|Any CPU
		{572E6B12-051F-4E41-AF01-0831B210CF66}.Release|Win32.Build.0 = Release|Any CPU
		{572E6B12-051F-4E41-AF01-0831B210CF66}.Release|x64.ActiveCfg = Release|x64
		{572E6B12-051F-4E41-AF01-0831B210CF66}.Release|x64.Build.0 = Release|x64
		{572E6B12-051F-4E41-AF01-0831B210CF66}.Release|x86.ActiveCfg = Release|Any CPU
		{572E6B12-051F-4E41-AF01-0831B210CF66}.Release|x86.Build.0 = Release|Any CPU
		{9060957D-FF0B-4B14-BB87-EE24B5170365}.Debug|Any CPU.ActiveCfg = Debug|Any CPU
		{9060957D-FF0B-4B14-BB87-EE24B5170365}.Debug|Any CPU.Build.0 = Debug|Any CPU
		{9060957D-FF0B-4B14-BB87-EE24B5170365}.Debug|ARM32.ActiveCfg = Debug|Any CPU
		{9060957D-FF0B-4B14-BB87-EE24B5170365}.Debug|ARM32.Build.0 = Debug|Any CPU
		{9060957D-FF0B-4B14-BB87-EE24B5170365}.Debug|Mixed Platforms.ActiveCfg = Debug|Any CPU
		{9060957D-FF0B-4B14-BB87-EE24B5170365}.Debug|Mixed Platforms.Build.0 = Debug|Any CPU
		{9060957D-FF0B-4B14-BB87-EE24B5170365}.Debug|Win32.ActiveCfg = Debug|Any CPU
		{9060957D-FF0B-4B14-BB87-EE24B5170365}.Debug|Win32.Build.0 = Debug|Any CPU
		{9060957D-FF0B-4B14-BB87-EE24B5170365}.Debug|x64.ActiveCfg = Debug|x64
		{9060957D-FF0B-4B14-BB87-EE24B5170365}.Debug|x64.Build.0 = Debug|x64
		{9060957D-FF0B-4B14-BB87-EE24B5170365}.Debug|x86.ActiveCfg = Debug|Any CPU
		{9060957D-FF0B-4B14-BB87-EE24B5170365}.Debug|x86.Build.0 = Debug|Any CPU
		{9060957D-FF0B-4B14-BB87-EE24B5170365}.Release|Any CPU.ActiveCfg = Release|Any CPU
		{9060957D-FF0B-4B14-BB87-EE24B5170365}.Release|Any CPU.Build.0 = Release|Any CPU
		{9060957D-FF0B-4B14-BB87-EE24B5170365}.Release|ARM32.ActiveCfg = Release|Any CPU
		{9060957D-FF0B-4B14-BB87-EE24B5170365}.Release|ARM32.Build.0 = Release|Any CPU
		{9060957D-FF0B-4B14-BB87-EE24B5170365}.Release|Mixed Platforms.ActiveCfg = Release|Any CPU
		{9060957D-FF0B-4B14-BB87-EE24B5170365}.Release|Mixed Platforms.Build.0 = Release|Any CPU
		{9060957D-FF0B-4B14-BB87-EE24B5170365}.Release|Win32.ActiveCfg = Release|Any CPU
		{9060957D-FF0B-4B14-BB87-EE24B5170365}.Release|Win32.Build.0 = Release|Any CPU
		{9060957D-FF0B-4B14-BB87-EE24B5170365}.Release|x64.ActiveCfg = Release|x64
		{9060957D-FF0B-4B14-BB87-EE24B5170365}.Release|x64.Build.0 = Release|x64
		{9060957D-FF0B-4B14-BB87-EE24B5170365}.Release|x86.ActiveCfg = Release|Any CPU
		{9060957D-FF0B-4B14-BB87-EE24B5170365}.Release|x86.Build.0 = Release|Any CPU
		{A634550F-EDAD-4A1D-872C-730C2FD8C1C9}.Debug|Any CPU.ActiveCfg = Debug|x86
		{A634550F-EDAD-4A1D-872C-730C2FD8C1C9}.Debug|ARM32.ActiveCfg = Debug|x86
		{A634550F-EDAD-4A1D-872C-730C2FD8C1C9}.Debug|Mixed Platforms.ActiveCfg = Debug|x86
		{A634550F-EDAD-4A1D-872C-730C2FD8C1C9}.Debug|Mixed Platforms.Build.0 = Debug|x86
		{A634550F-EDAD-4A1D-872C-730C2FD8C1C9}.Debug|Win32.ActiveCfg = Debug|x86
		{A634550F-EDAD-4A1D-872C-730C2FD8C1C9}.Debug|Win32.Build.0 = Debug|x86
		{A634550F-EDAD-4A1D-872C-730C2FD8C1C9}.Debug|x64.ActiveCfg = Debug|x86
		{A634550F-EDAD-4A1D-872C-730C2FD8C1C9}.Debug|x86.ActiveCfg = Debug|x86
		{A634550F-EDAD-4A1D-872C-730C2FD8C1C9}.Debug|x86.Build.0 = Debug|x86
		{A634550F-EDAD-4A1D-872C-730C2FD8C1C9}.Release|Any CPU.ActiveCfg = Release|x86
		{A634550F-EDAD-4A1D-872C-730C2FD8C1C9}.Release|ARM32.ActiveCfg = Release|x86
		{A634550F-EDAD-4A1D-872C-730C2FD8C1C9}.Release|Mixed Platforms.ActiveCfg = Release|x86
		{A634550F-EDAD-4A1D-872C-730C2FD8C1C9}.Release|Mixed Platforms.Build.0 = Release|x86
		{A634550F-EDAD-4A1D-872C-730C2FD8C1C9}.Release|Win32.ActiveCfg = Release|x86
		{A634550F-EDAD-4A1D-872C-730C2FD8C1C9}.Release|Win32.Build.0 = Release|x86
		{A634550F-EDAD-4A1D-872C-730C2FD8C1C9}.Release|x64.ActiveCfg = Release|x86
		{A634550F-EDAD-4A1D-872C-730C2FD8C1C9}.Release|x86.ActiveCfg = Release|x86
		{A634550F-EDAD-4A1D-872C-730C2FD8C1C9}.Release|x86.Build.0 = Release|x86
		{E906647B-3216-4CC1-B849-DD249F6737F4}.Debug|Any CPU.ActiveCfg = Debug|Any CPU
		{E906647B-3216-4CC1-B849-DD249F6737F4}.Debug|Any CPU.Build.0 = Debug|Any CPU
		{E906647B-3216-4CC1-B849-DD249F6737F4}.Debug|ARM32.ActiveCfg = Debug|Any CPU
		{E906647B-3216-4CC1-B849-DD249F6737F4}.Debug|Mixed Platforms.ActiveCfg = Debug|Any CPU
		{E906647B-3216-4CC1-B849-DD249F6737F4}.Debug|Mixed Platforms.Build.0 = Debug|Any CPU
		{E906647B-3216-4CC1-B849-DD249F6737F4}.Debug|Win32.ActiveCfg = Debug|Any CPU
		{E906647B-3216-4CC1-B849-DD249F6737F4}.Debug|Win32.Build.0 = Debug|Any CPU
		{E906647B-3216-4CC1-B849-DD249F6737F4}.Debug|x64.ActiveCfg = Debug|Any CPU
		{E906647B-3216-4CC1-B849-DD249F6737F4}.Debug|x86.ActiveCfg = Debug|Any CPU
		{E906647B-3216-4CC1-B849-DD249F6737F4}.Debug|x86.Build.0 = Debug|Any CPU
		{E906647B-3216-4CC1-B849-DD249F6737F4}.Release|Any CPU.ActiveCfg = Release|Any CPU
		{E906647B-3216-4CC1-B849-DD249F6737F4}.Release|Any CPU.Build.0 = Release|Any CPU
		{E906647B-3216-4CC1-B849-DD249F6737F4}.Release|ARM32.ActiveCfg = Release|Any CPU
		{E906647B-3216-4CC1-B849-DD249F6737F4}.Release|Mixed Platforms.ActiveCfg = Release|Any CPU
		{E906647B-3216-4CC1-B849-DD249F6737F4}.Release|Mixed Platforms.Build.0 = Release|Any CPU
		{E906647B-3216-4CC1-B849-DD249F6737F4}.Release|Win32.ActiveCfg = Release|Any CPU
		{E906647B-3216-4CC1-B849-DD249F6737F4}.Release|Win32.Build.0 = Release|Any CPU
		{E906647B-3216-4CC1-B849-DD249F6737F4}.Release|x64.ActiveCfg = Release|Any CPU
		{E906647B-3216-4CC1-B849-DD249F6737F4}.Release|x86.ActiveCfg = Release|Any CPU
		{E906647B-3216-4CC1-B849-DD249F6737F4}.Release|x86.Build.0 = Release|Any CPU
		{E8DF35E8-8765-47C2-BC1A-B686A058062C}.Debug|Any CPU.ActiveCfg = Debug|Any CPU
		{E8DF35E8-8765-47C2-BC1A-B686A058062C}.Debug|Any CPU.Build.0 = Debug|Any CPU
		{E8DF35E8-8765-47C2-BC1A-B686A058062C}.Debug|ARM32.ActiveCfg = Debug|Any CPU
		{E8DF35E8-8765-47C2-BC1A-B686A058062C}.Debug|Mixed Platforms.ActiveCfg = Debug|Any CPU
		{E8DF35E8-8765-47C2-BC1A-B686A058062C}.Debug|Mixed Platforms.Build.0 = Debug|Any CPU
		{E8DF35E8-8765-47C2-BC1A-B686A058062C}.Debug|Win32.ActiveCfg = Debug|Any CPU
		{E8DF35E8-8765-47C2-BC1A-B686A058062C}.Debug|Win32.Build.0 = Debug|Any CPU
		{E8DF35E8-8765-47C2-BC1A-B686A058062C}.Debug|x64.ActiveCfg = Debug|Any CPU
		{E8DF35E8-8765-47C2-BC1A-B686A058062C}.Debug|x86.ActiveCfg = Debug|Any CPU
		{E8DF35E8-8765-47C2-BC1A-B686A058062C}.Debug|x86.Build.0 = Debug|Any CPU
		{E8DF35E8-8765-47C2-BC1A-B686A058062C}.Release|Any CPU.ActiveCfg = Release|Any CPU
		{E8DF35E8-8765-47C2-BC1A-B686A058062C}.Release|Any CPU.Build.0 = Release|Any CPU
		{E8DF35E8-8765-47C2-BC1A-B686A058062C}.Release|ARM32.ActiveCfg = Release|Any CPU
		{E8DF35E8-8765-47C2-BC1A-B686A058062C}.Release|Mixed Platforms.ActiveCfg = Release|Any CPU
		{E8DF35E8-8765-47C2-BC1A-B686A058062C}.Release|Mixed Platforms.Build.0 = Release|Any CPU
		{E8DF35E8-8765-47C2-BC1A-B686A058062C}.Release|Win32.ActiveCfg = Release|Any CPU
		{E8DF35E8-8765-47C2-BC1A-B686A058062C}.Release|Win32.Build.0 = Release|Any CPU
		{E8DF35E8-8765-47C2-BC1A-B686A058062C}.Release|x64.ActiveCfg = Release|Any CPU
		{E8DF35E8-8765-47C2-BC1A-B686A058062C}.Release|x86.ActiveCfg = Release|Any CPU
		{E8DF35E8-8765-47C2-BC1A-B686A058062C}.Release|x86.Build.0 = Release|Any CPU
		{EB47A121-048B-4BB6-85BB-4FD5D28DD4BF}.Debug|Any CPU.ActiveCfg = Debug|Any CPU
		{EB47A121-048B-4BB6-85BB-4FD5D28DD4BF}.Debug|Any CPU.Build.0 = Debug|Any CPU
		{EB47A121-048B-4BB6-85BB-4FD5D28DD4BF}.Debug|ARM32.ActiveCfg = Debug|Any CPU
		{EB47A121-048B-4BB6-85BB-4FD5D28DD4BF}.Debug|ARM32.Build.0 = Debug|Any CPU
		{EB47A121-048B-4BB6-85BB-4FD5D28DD4BF}.Debug|Mixed Platforms.ActiveCfg = Debug|Any CPU
		{EB47A121-048B-4BB6-85BB-4FD5D28DD4BF}.Debug|Mixed Platforms.Build.0 = Debug|Any CPU
		{EB47A121-048B-4BB6-85BB-4FD5D28DD4BF}.Debug|Win32.ActiveCfg = Debug|Any CPU
		{EB47A121-048B-4BB6-85BB-4FD5D28DD4BF}.Debug|Win32.Build.0 = Debug|Any CPU
		{EB47A121-048B-4BB6-85BB-4FD5D28DD4BF}.Debug|x64.ActiveCfg = Debug|x64
		{EB47A121-048B-4BB6-85BB-4FD5D28DD4BF}.Debug|x64.Build.0 = Debug|x64
		{EB47A121-048B-4BB6-85BB-4FD5D28DD4BF}.Debug|x86.ActiveCfg = Debug|Any CPU
		{EB47A121-048B-4BB6-85BB-4FD5D28DD4BF}.Debug|x86.Build.0 = Debug|Any CPU
		{EB47A121-048B-4BB6-85BB-4FD5D28DD4BF}.Release|Any CPU.ActiveCfg = Release|Any CPU
		{EB47A121-048B-4BB6-85BB-4FD5D28DD4BF}.Release|Any CPU.Build.0 = Release|Any CPU
		{EB47A121-048B-4BB6-85BB-4FD5D28DD4BF}.Release|ARM32.ActiveCfg = Release|Any CPU
		{EB47A121-048B-4BB6-85BB-4FD5D28DD4BF}.Release|ARM32.Build.0 = Release|Any CPU
		{EB47A121-048B-4BB6-85BB-4FD5D28DD4BF}.Release|Mixed Platforms.ActiveCfg = Release|Any CPU
		{EB47A121-048B-4BB6-85BB-4FD5D28DD4BF}.Release|Mixed Platforms.Build.0 = Release|Any CPU
		{EB47A121-048B-4BB6-85BB-4FD5D28DD4BF}.Release|Win32.ActiveCfg = Release|Any CPU
		{EB47A121-048B-4BB6-85BB-4FD5D28DD4BF}.Release|Win32.Build.0 = Release|Any CPU
		{EB47A121-048B-4BB6-85BB-4FD5D28DD4BF}.Release|x64.ActiveCfg = Release|x64
		{EB47A121-048B-4BB6-85BB-4FD5D28DD4BF}.Release|x64.Build.0 = Release|x64
		{EB47A121-048B-4BB6-85BB-4FD5D28DD4BF}.Release|x86.ActiveCfg = Release|Any CPU
		{EB47A121-048B-4BB6-85BB-4FD5D28DD4BF}.Release|x86.Build.0 = Release|Any CPU
		{BCB55CF7-08DC-4410-BDBE-CB3DA976BF6A}.Debug|Any CPU.ActiveCfg = Debug|Any CPU
		{BCB55CF7-08DC-4410-BDBE-CB3DA976BF6A}.Debug|Any CPU.Build.0 = Debug|Any CPU
		{BCB55CF7-08DC-4410-BDBE-CB3DA976BF6A}.Debug|ARM32.ActiveCfg = Debug|Any CPU
		{BCB55CF7-08DC-4410-BDBE-CB3DA976BF6A}.Debug|ARM32.Build.0 = Debug|Any CPU
		{BCB55CF7-08DC-4410-BDBE-CB3DA976BF6A}.Debug|Mixed Platforms.ActiveCfg = Debug|Any CPU
		{BCB55CF7-08DC-4410-BDBE-CB3DA976BF6A}.Debug|Mixed Platforms.Build.0 = Debug|Any CPU
		{BCB55CF7-08DC-4410-BDBE-CB3DA976BF6A}.Debug|Win32.ActiveCfg = Debug|Any CPU
		{BCB55CF7-08DC-4410-BDBE-CB3DA976BF6A}.Debug|Win32.Build.0 = Debug|Any CPU
		{BCB55CF7-08DC-4410-BDBE-CB3DA976BF6A}.Debug|x64.ActiveCfg = Debug|x64
		{BCB55CF7-08DC-4410-BDBE-CB3DA976BF6A}.Debug|x64.Build.0 = Debug|x64
		{BCB55CF7-08DC-4410-BDBE-CB3DA976BF6A}.Debug|x86.ActiveCfg = Debug|Any CPU
		{BCB55CF7-08DC-4410-BDBE-CB3DA976BF6A}.Debug|x86.Build.0 = Debug|Any CPU
		{BCB55CF7-08DC-4410-BDBE-CB3DA976BF6A}.Release|Any CPU.ActiveCfg = Release|Any CPU
		{BCB55CF7-08DC-4410-BDBE-CB3DA976BF6A}.Release|Any CPU.Build.0 = Release|Any CPU
		{BCB55CF7-08DC-4410-BDBE-CB3DA976BF6A}.Release|ARM32.ActiveCfg = Release|Any CPU
		{BCB55CF7-08DC-4410-BDBE-CB3DA976BF6A}.Release|ARM32.Build.0 = Release|Any CPU
		{BCB55CF7-08DC-4410-BDBE-CB3DA976BF6A}.Release|Mixed Platforms.ActiveCfg = Release|Any CPU
		{BCB55CF7-08DC-4410-BDBE-CB3DA976BF6A}.Release|Mixed Platforms.Build.0 = Release|Any CPU
		{BCB55CF7-08DC-4410-BDBE-CB3DA976BF6A}.Release|Win32.ActiveCfg = Release|Any CPU
		{BCB55CF7-08DC-4410-BDBE-CB3DA976BF6A}.Release|Win32.Build.0 = Release|Any CPU
		{BCB55CF7-08DC-4410-BDBE-CB3DA976BF6A}.Release|x64.ActiveCfg = Release|x64
		{BCB55CF7-08DC-4410-BDBE-CB3DA976BF6A}.Release|x64.Build.0 = Release|x64
		{BCB55CF7-08DC-4410-BDBE-CB3DA976BF6A}.Release|x86.ActiveCfg = Release|Any CPU
		{BCB55CF7-08DC-4410-BDBE-CB3DA976BF6A}.Release|x86.Build.0 = Release|Any CPU
		{E6A0BB9E-5B9B-449B-B844-3019FF51826B}.Debug|Any CPU.ActiveCfg = Debug|Any CPU
		{E6A0BB9E-5B9B-449B-B844-3019FF51826B}.Debug|Any CPU.Build.0 = Debug|Any CPU
		{E6A0BB9E-5B9B-449B-B844-3019FF51826B}.Debug|ARM32.ActiveCfg = Debug|Any CPU
		{E6A0BB9E-5B9B-449B-B844-3019FF51826B}.Debug|ARM32.Build.0 = Debug|Any CPU
		{E6A0BB9E-5B9B-449B-B844-3019FF51826B}.Debug|Mixed Platforms.ActiveCfg = Debug|Any CPU
		{E6A0BB9E-5B9B-449B-B844-3019FF51826B}.Debug|Mixed Platforms.Build.0 = Debug|Any CPU
		{E6A0BB9E-5B9B-449B-B844-3019FF51826B}.Debug|Win32.ActiveCfg = Debug|Any CPU
		{E6A0BB9E-5B9B-449B-B844-3019FF51826B}.Debug|Win32.Build.0 = Debug|Any CPU
		{E6A0BB9E-5B9B-449B-B844-3019FF51826B}.Debug|x64.ActiveCfg = Debug|x64
		{E6A0BB9E-5B9B-449B-B844-3019FF51826B}.Debug|x64.Build.0 = Debug|x64
		{E6A0BB9E-5B9B-449B-B844-3019FF51826B}.Debug|x86.ActiveCfg = Debug|Any CPU
		{E6A0BB9E-5B9B-449B-B844-3019FF51826B}.Debug|x86.Build.0 = Debug|Any CPU
		{E6A0BB9E-5B9B-449B-B844-3019FF51826B}.Release|Any CPU.ActiveCfg = Release|Any CPU
		{E6A0BB9E-5B9B-449B-B844-3019FF51826B}.Release|Any CPU.Build.0 = Release|Any CPU
		{E6A0BB9E-5B9B-449B-B844-3019FF51826B}.Release|ARM32.ActiveCfg = Release|Any CPU
		{E6A0BB9E-5B9B-449B-B844-3019FF51826B}.Release|ARM32.Build.0 = Release|Any CPU
		{E6A0BB9E-5B9B-449B-B844-3019FF51826B}.Release|Mixed Platforms.ActiveCfg = Release|Any CPU
		{E6A0BB9E-5B9B-449B-B844-3019FF51826B}.Release|Mixed Platforms.Build.0 = Release|Any CPU
		{E6A0BB9E-5B9B-449B-B844-3019FF51826B}.Release|Win32.ActiveCfg = Release|Any CPU
		{E6A0BB9E-5B9B-449B-B844-3019FF51826B}.Release|Win32.Build.0 = Release|Any CPU
		{E6A0BB9E-5B9B-449B-B844-3019FF51826B}.Release|x64.ActiveCfg = Release|x64
		{E6A0BB9E-5B9B-449B-B844-3019FF51826B}.Release|x64.Build.0 = Release|x64
		{E6A0BB9E-5B9B-449B-B844-3019FF51826B}.Release|x86.ActiveCfg = Release|Any CPU
		{E6A0BB9E-5B9B-449B-B844-3019FF51826B}.Release|x86.Build.0 = Release|Any CPU
		{8AC43305-1C0A-483D-A88F-B20A937DB213}.Debug|Any CPU.ActiveCfg = Debug|Any CPU
		{8AC43305-1C0A-483D-A88F-B20A937DB213}.Debug|Any CPU.Build.0 = Debug|Any CPU
		{8AC43305-1C0A-483D-A88F-B20A937DB213}.Debug|ARM32.ActiveCfg = Debug|Any CPU
		{8AC43305-1C0A-483D-A88F-B20A937DB213}.Debug|ARM32.Build.0 = Debug|Any CPU
		{8AC43305-1C0A-483D-A88F-B20A937DB213}.Debug|Mixed Platforms.ActiveCfg = Debug|Any CPU
		{8AC43305-1C0A-483D-A88F-B20A937DB213}.Debug|Mixed Platforms.Build.0 = Debug|Any CPU
		{8AC43305-1C0A-483D-A88F-B20A937DB213}.Debug|Win32.ActiveCfg = Debug|Any CPU
		{8AC43305-1C0A-483D-A88F-B20A937DB213}.Debug|Win32.Build.0 = Debug|Any CPU
		{8AC43305-1C0A-483D-A88F-B20A937DB213}.Debug|x64.ActiveCfg = Debug|x64
		{8AC43305-1C0A-483D-A88F-B20A937DB213}.Debug|x64.Build.0 = Debug|x64
		{8AC43305-1C0A-483D-A88F-B20A937DB213}.Debug|x86.ActiveCfg = Debug|Any CPU
		{8AC43305-1C0A-483D-A88F-B20A937DB213}.Debug|x86.Build.0 = Debug|Any CPU
		{8AC43305-1C0A-483D-A88F-B20A937DB213}.Release|Any CPU.ActiveCfg = Release|Any CPU
		{8AC43305-1C0A-483D-A88F-B20A937DB213}.Release|Any CPU.Build.0 = Release|Any CPU
		{8AC43305-1C0A-483D-A88F-B20A937DB213}.Release|ARM32.ActiveCfg = Release|Any CPU
		{8AC43305-1C0A-483D-A88F-B20A937DB213}.Release|ARM32.Build.0 = Release|Any CPU
		{8AC43305-1C0A-483D-A88F-B20A937DB213}.Release|Mixed Platforms.ActiveCfg = Release|Any CPU
		{8AC43305-1C0A-483D-A88F-B20A937DB213}.Release|Mixed Platforms.Build.0 = Release|Any CPU
		{8AC43305-1C0A-483D-A88F-B20A937DB213}.Release|Win32.ActiveCfg = Release|Any CPU
		{8AC43305-1C0A-483D-A88F-B20A937DB213}.Release|Win32.Build.0 = Release|Any CPU
		{8AC43305-1C0A-483D-A88F-B20A937DB213}.Release|x64.ActiveCfg = Release|x64
		{8AC43305-1C0A-483D-A88F-B20A937DB213}.Release|x64.Build.0 = Release|x64
		{8AC43305-1C0A-483D-A88F-B20A937DB213}.Release|x86.ActiveCfg = Release|Any CPU
		{8AC43305-1C0A-483D-A88F-B20A937DB213}.Release|x86.Build.0 = Release|Any CPU
		{5853EDB2-EC0F-4E84-8450-6D34384CA5C4}.Debug|Any CPU.ActiveCfg = Debug|Any CPU
		{5853EDB2-EC0F-4E84-8450-6D34384CA5C4}.Debug|Any CPU.Build.0 = Debug|Any CPU
		{5853EDB2-EC0F-4E84-8450-6D34384CA5C4}.Debug|ARM32.ActiveCfg = Debug|ARM32
		{5853EDB2-EC0F-4E84-8450-6D34384CA5C4}.Debug|ARM32.Build.0 = Debug|ARM32
		{5853EDB2-EC0F-4E84-8450-6D34384CA5C4}.Debug|Mixed Platforms.ActiveCfg = Debug|Any CPU
		{5853EDB2-EC0F-4E84-8450-6D34384CA5C4}.Debug|Mixed Platforms.Build.0 = Debug|Any CPU
		{5853EDB2-EC0F-4E84-8450-6D34384CA5C4}.Debug|Win32.ActiveCfg = Debug|Any CPU
		{5853EDB2-EC0F-4E84-8450-6D34384CA5C4}.Debug|Win32.Build.0 = Debug|Any CPU
		{5853EDB2-EC0F-4E84-8450-6D34384CA5C4}.Debug|x64.ActiveCfg = Debug|Any CPU
		{5853EDB2-EC0F-4E84-8450-6D34384CA5C4}.Debug|x64.Build.0 = Debug|Any CPU
		{5853EDB2-EC0F-4E84-8450-6D34384CA5C4}.Debug|x86.ActiveCfg = Debug|Any CPU
		{5853EDB2-EC0F-4E84-8450-6D34384CA5C4}.Debug|x86.Build.0 = Debug|Any CPU
		{5853EDB2-EC0F-4E84-8450-6D34384CA5C4}.Release|Any CPU.ActiveCfg = Release|Any CPU
		{5853EDB2-EC0F-4E84-8450-6D34384CA5C4}.Release|Any CPU.Build.0 = Release|Any CPU
		{5853EDB2-EC0F-4E84-8450-6D34384CA5C4}.Release|ARM32.ActiveCfg = Release|ARM32
		{5853EDB2-EC0F-4E84-8450-6D34384CA5C4}.Release|ARM32.Build.0 = Release|ARM32
		{5853EDB2-EC0F-4E84-8450-6D34384CA5C4}.Release|Mixed Platforms.ActiveCfg = Release|Any CPU
		{5853EDB2-EC0F-4E84-8450-6D34384CA5C4}.Release|Mixed Platforms.Build.0 = Release|Any CPU
		{5853EDB2-EC0F-4E84-8450-6D34384CA5C4}.Release|Win32.ActiveCfg = Release|Any CPU
		{5853EDB2-EC0F-4E84-8450-6D34384CA5C4}.Release|Win32.Build.0 = Release|Any CPU
		{5853EDB2-EC0F-4E84-8450-6D34384CA5C4}.Release|x64.ActiveCfg = Release|x64
		{5853EDB2-EC0F-4E84-8450-6D34384CA5C4}.Release|x64.Build.0 = Release|x64
		{5853EDB2-EC0F-4E84-8450-6D34384CA5C4}.Release|x86.ActiveCfg = Release|Any CPU
		{5853EDB2-EC0F-4E84-8450-6D34384CA5C4}.Release|x86.Build.0 = Release|Any CPU
		{8850607F-7AC5-45EC-9FFD-68A1253CBABB}.Debug|Any CPU.ActiveCfg = Debug|Any CPU
		{8850607F-7AC5-45EC-9FFD-68A1253CBABB}.Debug|Any CPU.Build.0 = Debug|Any CPU
		{8850607F-7AC5-45EC-9FFD-68A1253CBABB}.Debug|ARM32.ActiveCfg = Debug|ARM32
		{8850607F-7AC5-45EC-9FFD-68A1253CBABB}.Debug|ARM32.Build.0 = Debug|ARM32
		{8850607F-7AC5-45EC-9FFD-68A1253CBABB}.Debug|Mixed Platforms.ActiveCfg = Debug|Any CPU
		{8850607F-7AC5-45EC-9FFD-68A1253CBABB}.Debug|Mixed Platforms.Build.0 = Debug|Any CPU
		{8850607F-7AC5-45EC-9FFD-68A1253CBABB}.Debug|Win32.ActiveCfg = Debug|Any CPU
		{8850607F-7AC5-45EC-9FFD-68A1253CBABB}.Debug|Win32.Build.0 = Debug|Any CPU
		{8850607F-7AC5-45EC-9FFD-68A1253CBABB}.Debug|x64.ActiveCfg = Debug|Any CPU
		{8850607F-7AC5-45EC-9FFD-68A1253CBABB}.Debug|x64.Build.0 = Debug|Any CPU
		{8850607F-7AC5-45EC-9FFD-68A1253CBABB}.Debug|x86.ActiveCfg = Debug|Any CPU
		{8850607F-7AC5-45EC-9FFD-68A1253CBABB}.Debug|x86.Build.0 = Debug|Any CPU
		{8850607F-7AC5-45EC-9FFD-68A1253CBABB}.Release|Any CPU.ActiveCfg = Release|Any CPU
		{8850607F-7AC5-45EC-9FFD-68A1253CBABB}.Release|Any CPU.Build.0 = Release|Any CPU
		{8850607F-7AC5-45EC-9FFD-68A1253CBABB}.Release|ARM32.ActiveCfg = Release|ARM32
		{8850607F-7AC5-45EC-9FFD-68A1253CBABB}.Release|ARM32.Build.0 = Release|ARM32
		{8850607F-7AC5-45EC-9FFD-68A1253CBABB}.Release|Mixed Platforms.ActiveCfg = Release|Any CPU
		{8850607F-7AC5-45EC-9FFD-68A1253CBABB}.Release|Mixed Platforms.Build.0 = Release|Any CPU
		{8850607F-7AC5-45EC-9FFD-68A1253CBABB}.Release|Win32.ActiveCfg = Release|Any CPU
		{8850607F-7AC5-45EC-9FFD-68A1253CBABB}.Release|Win32.Build.0 = Release|Any CPU
		{8850607F-7AC5-45EC-9FFD-68A1253CBABB}.Release|x64.ActiveCfg = Release|x64
		{8850607F-7AC5-45EC-9FFD-68A1253CBABB}.Release|x64.Build.0 = Release|x64
		{8850607F-7AC5-45EC-9FFD-68A1253CBABB}.Release|x86.ActiveCfg = Release|Any CPU
		{8850607F-7AC5-45EC-9FFD-68A1253CBABB}.Release|x86.Build.0 = Release|Any CPU
		{71977D73-9F36-4F03-B10D-124F98467810}.Debug|Any CPU.ActiveCfg = Debug|Any CPU
		{71977D73-9F36-4F03-B10D-124F98467810}.Debug|Any CPU.Build.0 = Debug|Any CPU
		{71977D73-9F36-4F03-B10D-124F98467810}.Debug|ARM32.ActiveCfg = Debug|Any CPU
		{71977D73-9F36-4F03-B10D-124F98467810}.Debug|ARM32.Build.0 = Debug|Any CPU
		{71977D73-9F36-4F03-B10D-124F98467810}.Debug|Mixed Platforms.ActiveCfg = Debug|Any CPU
		{71977D73-9F36-4F03-B10D-124F98467810}.Debug|Mixed Platforms.Build.0 = Debug|Any CPU
		{71977D73-9F36-4F03-B10D-124F98467810}.Debug|Win32.ActiveCfg = Debug|Any CPU
		{71977D73-9F36-4F03-B10D-124F98467810}.Debug|Win32.Build.0 = Debug|Any CPU
		{71977D73-9F36-4F03-B10D-124F98467810}.Debug|x64.ActiveCfg = Debug|Any CPU
		{71977D73-9F36-4F03-B10D-124F98467810}.Debug|x64.Build.0 = Debug|Any CPU
		{71977D73-9F36-4F03-B10D-124F98467810}.Debug|x86.ActiveCfg = Debug|Any CPU
		{71977D73-9F36-4F03-B10D-124F98467810}.Debug|x86.Build.0 = Debug|Any CPU
		{71977D73-9F36-4F03-B10D-124F98467810}.Release|Any CPU.ActiveCfg = Release|Any CPU
		{71977D73-9F36-4F03-B10D-124F98467810}.Release|Any CPU.Build.0 = Release|Any CPU
		{71977D73-9F36-4F03-B10D-124F98467810}.Release|ARM32.ActiveCfg = Release|Any CPU
		{71977D73-9F36-4F03-B10D-124F98467810}.Release|ARM32.Build.0 = Release|Any CPU
		{71977D73-9F36-4F03-B10D-124F98467810}.Release|Mixed Platforms.ActiveCfg = Release|Any CPU
		{71977D73-9F36-4F03-B10D-124F98467810}.Release|Mixed Platforms.Build.0 = Release|Any CPU
		{71977D73-9F36-4F03-B10D-124F98467810}.Release|Win32.ActiveCfg = Release|Any CPU
		{71977D73-9F36-4F03-B10D-124F98467810}.Release|Win32.Build.0 = Release|Any CPU
		{71977D73-9F36-4F03-B10D-124F98467810}.Release|x64.ActiveCfg = Release|Any CPU
		{71977D73-9F36-4F03-B10D-124F98467810}.Release|x64.Build.0 = Release|Any CPU
		{71977D73-9F36-4F03-B10D-124F98467810}.Release|x86.ActiveCfg = Release|Any CPU
		{71977D73-9F36-4F03-B10D-124F98467810}.Release|x86.Build.0 = Release|Any CPU
		{BC2C265C-A4AE-4078-8F18-9EA8C0345FEC}.Debug|Any CPU.ActiveCfg = Debug|Any CPU
		{BC2C265C-A4AE-4078-8F18-9EA8C0345FEC}.Debug|Any CPU.Build.0 = Debug|Any CPU
		{BC2C265C-A4AE-4078-8F18-9EA8C0345FEC}.Debug|ARM32.ActiveCfg = Debug|Any CPU
		{BC2C265C-A4AE-4078-8F18-9EA8C0345FEC}.Debug|ARM32.Build.0 = Debug|Any CPU
		{BC2C265C-A4AE-4078-8F18-9EA8C0345FEC}.Debug|Mixed Platforms.ActiveCfg = Debug|Any CPU
		{BC2C265C-A4AE-4078-8F18-9EA8C0345FEC}.Debug|Mixed Platforms.Build.0 = Debug|Any CPU
		{BC2C265C-A4AE-4078-8F18-9EA8C0345FEC}.Debug|Win32.ActiveCfg = Debug|Any CPU
		{BC2C265C-A4AE-4078-8F18-9EA8C0345FEC}.Debug|Win32.Build.0 = Debug|Any CPU
		{BC2C265C-A4AE-4078-8F18-9EA8C0345FEC}.Debug|x64.ActiveCfg = Debug|Any CPU
		{BC2C265C-A4AE-4078-8F18-9EA8C0345FEC}.Debug|x64.Build.0 = Debug|Any CPU
		{BC2C265C-A4AE-4078-8F18-9EA8C0345FEC}.Debug|x86.ActiveCfg = Debug|Any CPU
		{BC2C265C-A4AE-4078-8F18-9EA8C0345FEC}.Debug|x86.Build.0 = Debug|Any CPU
		{BC2C265C-A4AE-4078-8F18-9EA8C0345FEC}.Release|Any CPU.ActiveCfg = Release|Any CPU
		{BC2C265C-A4AE-4078-8F18-9EA8C0345FEC}.Release|Any CPU.Build.0 = Release|Any CPU
		{BC2C265C-A4AE-4078-8F18-9EA8C0345FEC}.Release|ARM32.ActiveCfg = Release|Any CPU
		{BC2C265C-A4AE-4078-8F18-9EA8C0345FEC}.Release|ARM32.Build.0 = Release|Any CPU
		{BC2C265C-A4AE-4078-8F18-9EA8C0345FEC}.Release|Mixed Platforms.ActiveCfg = Release|Any CPU
		{BC2C265C-A4AE-4078-8F18-9EA8C0345FEC}.Release|Mixed Platforms.Build.0 = Release|Any CPU
		{BC2C265C-A4AE-4078-8F18-9EA8C0345FEC}.Release|Win32.ActiveCfg = Release|Any CPU
		{BC2C265C-A4AE-4078-8F18-9EA8C0345FEC}.Release|Win32.Build.0 = Release|Any CPU
		{BC2C265C-A4AE-4078-8F18-9EA8C0345FEC}.Release|x64.ActiveCfg = Release|Any CPU
		{BC2C265C-A4AE-4078-8F18-9EA8C0345FEC}.Release|x64.Build.0 = Release|Any CPU
		{BC2C265C-A4AE-4078-8F18-9EA8C0345FEC}.Release|x86.ActiveCfg = Release|Any CPU
		{BC2C265C-A4AE-4078-8F18-9EA8C0345FEC}.Release|x86.Build.0 = Release|Any CPU
		{A1BA555A-359F-4953-988D-1D59E0A8F8D6}.Debug|Any CPU.ActiveCfg = Debug|Any CPU
		{A1BA555A-359F-4953-988D-1D59E0A8F8D6}.Debug|Any CPU.Build.0 = Debug|Any CPU
		{A1BA555A-359F-4953-988D-1D59E0A8F8D6}.Debug|ARM32.ActiveCfg = Debug|Any CPU
		{A1BA555A-359F-4953-988D-1D59E0A8F8D6}.Debug|ARM32.Build.0 = Debug|Any CPU
		{A1BA555A-359F-4953-988D-1D59E0A8F8D6}.Debug|Mixed Platforms.ActiveCfg = Debug|Any CPU
		{A1BA555A-359F-4953-988D-1D59E0A8F8D6}.Debug|Mixed Platforms.Build.0 = Debug|Any CPU
		{A1BA555A-359F-4953-988D-1D59E0A8F8D6}.Debug|Win32.ActiveCfg = Debug|Any CPU
		{A1BA555A-359F-4953-988D-1D59E0A8F8D6}.Debug|Win32.Build.0 = Debug|Any CPU
		{A1BA555A-359F-4953-988D-1D59E0A8F8D6}.Debug|x64.ActiveCfg = Debug|x64
		{A1BA555A-359F-4953-988D-1D59E0A8F8D6}.Debug|x64.Build.0 = Debug|x64
		{A1BA555A-359F-4953-988D-1D59E0A8F8D6}.Debug|x86.ActiveCfg = Debug|Any CPU
		{A1BA555A-359F-4953-988D-1D59E0A8F8D6}.Debug|x86.Build.0 = Debug|Any CPU
		{A1BA555A-359F-4953-988D-1D59E0A8F8D6}.Release|Any CPU.ActiveCfg = Release|Any CPU
		{A1BA555A-359F-4953-988D-1D59E0A8F8D6}.Release|Any CPU.Build.0 = Release|Any CPU
		{A1BA555A-359F-4953-988D-1D59E0A8F8D6}.Release|ARM32.ActiveCfg = Release|Any CPU
		{A1BA555A-359F-4953-988D-1D59E0A8F8D6}.Release|ARM32.Build.0 = Release|Any CPU
		{A1BA555A-359F-4953-988D-1D59E0A8F8D6}.Release|Mixed Platforms.ActiveCfg = Release|Any CPU
		{A1BA555A-359F-4953-988D-1D59E0A8F8D6}.Release|Mixed Platforms.Build.0 = Release|Any CPU
		{A1BA555A-359F-4953-988D-1D59E0A8F8D6}.Release|Win32.ActiveCfg = Release|Any CPU
		{A1BA555A-359F-4953-988D-1D59E0A8F8D6}.Release|Win32.Build.0 = Release|Any CPU
		{A1BA555A-359F-4953-988D-1D59E0A8F8D6}.Release|x64.ActiveCfg = Release|x64
		{A1BA555A-359F-4953-988D-1D59E0A8F8D6}.Release|x64.Build.0 = Release|x64
		{A1BA555A-359F-4953-988D-1D59E0A8F8D6}.Release|x86.ActiveCfg = Release|Any CPU
		{A1BA555A-359F-4953-988D-1D59E0A8F8D6}.Release|x86.Build.0 = Release|Any CPU
		{AF2A833D-FD66-4AA4-A210-F3F402C3E1BB}.Debug|Any CPU.ActiveCfg = Debug|Any CPU
		{AF2A833D-FD66-4AA4-A210-F3F402C3E1BB}.Debug|Any CPU.Build.0 = Debug|Any CPU
		{AF2A833D-FD66-4AA4-A210-F3F402C3E1BB}.Debug|ARM32.ActiveCfg = Debug|Any CPU
		{AF2A833D-FD66-4AA4-A210-F3F402C3E1BB}.Debug|ARM32.Build.0 = Debug|Any CPU
		{AF2A833D-FD66-4AA4-A210-F3F402C3E1BB}.Debug|Mixed Platforms.ActiveCfg = Debug|Any CPU
		{AF2A833D-FD66-4AA4-A210-F3F402C3E1BB}.Debug|Mixed Platforms.Build.0 = Debug|Any CPU
		{AF2A833D-FD66-4AA4-A210-F3F402C3E1BB}.Debug|Win32.ActiveCfg = Debug|Any CPU
		{AF2A833D-FD66-4AA4-A210-F3F402C3E1BB}.Debug|Win32.Build.0 = Debug|Any CPU
		{AF2A833D-FD66-4AA4-A210-F3F402C3E1BB}.Debug|x64.ActiveCfg = Debug|x64
		{AF2A833D-FD66-4AA4-A210-F3F402C3E1BB}.Debug|x64.Build.0 = Debug|x64
		{AF2A833D-FD66-4AA4-A210-F3F402C3E1BB}.Debug|x86.ActiveCfg = Debug|Any CPU
		{AF2A833D-FD66-4AA4-A210-F3F402C3E1BB}.Debug|x86.Build.0 = Debug|Any CPU
		{AF2A833D-FD66-4AA4-A210-F3F402C3E1BB}.Release|Any CPU.ActiveCfg = Release|Any CPU
		{AF2A833D-FD66-4AA4-A210-F3F402C3E1BB}.Release|Any CPU.Build.0 = Release|Any CPU
		{AF2A833D-FD66-4AA4-A210-F3F402C3E1BB}.Release|ARM32.ActiveCfg = Release|Any CPU
		{AF2A833D-FD66-4AA4-A210-F3F402C3E1BB}.Release|ARM32.Build.0 = Release|Any CPU
		{AF2A833D-FD66-4AA4-A210-F3F402C3E1BB}.Release|Mixed Platforms.ActiveCfg = Release|Any CPU
		{AF2A833D-FD66-4AA4-A210-F3F402C3E1BB}.Release|Mixed Platforms.Build.0 = Release|Any CPU
		{AF2A833D-FD66-4AA4-A210-F3F402C3E1BB}.Release|Win32.ActiveCfg = Release|Any CPU
		{AF2A833D-FD66-4AA4-A210-F3F402C3E1BB}.Release|Win32.Build.0 = Release|Any CPU
		{AF2A833D-FD66-4AA4-A210-F3F402C3E1BB}.Release|x64.ActiveCfg = Release|x64
		{AF2A833D-FD66-4AA4-A210-F3F402C3E1BB}.Release|x64.Build.0 = Release|x64
		{AF2A833D-FD66-4AA4-A210-F3F402C3E1BB}.Release|x86.ActiveCfg = Release|Any CPU
		{AF2A833D-FD66-4AA4-A210-F3F402C3E1BB}.Release|x86.Build.0 = Release|Any CPU
		{B3300FF6-59F1-4FBB-9F1B-3803880D915E}.Debug|Any CPU.ActiveCfg = Debug|Any CPU
		{B3300FF6-59F1-4FBB-9F1B-3803880D915E}.Debug|Any CPU.Build.0 = Debug|Any CPU
		{B3300FF6-59F1-4FBB-9F1B-3803880D915E}.Debug|ARM32.ActiveCfg = Debug|Any CPU
		{B3300FF6-59F1-4FBB-9F1B-3803880D915E}.Debug|ARM32.Build.0 = Debug|Any CPU
		{B3300FF6-59F1-4FBB-9F1B-3803880D915E}.Debug|Mixed Platforms.ActiveCfg = Debug|Any CPU
		{B3300FF6-59F1-4FBB-9F1B-3803880D915E}.Debug|Mixed Platforms.Build.0 = Debug|Any CPU
		{B3300FF6-59F1-4FBB-9F1B-3803880D915E}.Debug|Win32.ActiveCfg = Debug|Any CPU
		{B3300FF6-59F1-4FBB-9F1B-3803880D915E}.Debug|Win32.Build.0 = Debug|Any CPU
		{B3300FF6-59F1-4FBB-9F1B-3803880D915E}.Debug|x64.ActiveCfg = Debug|Any CPU
		{B3300FF6-59F1-4FBB-9F1B-3803880D915E}.Debug|x64.Build.0 = Debug|Any CPU
		{B3300FF6-59F1-4FBB-9F1B-3803880D915E}.Debug|x86.ActiveCfg = Debug|Any CPU
		{B3300FF6-59F1-4FBB-9F1B-3803880D915E}.Debug|x86.Build.0 = Debug|Any CPU
		{B3300FF6-59F1-4FBB-9F1B-3803880D915E}.Release|Any CPU.ActiveCfg = Release|Any CPU
		{B3300FF6-59F1-4FBB-9F1B-3803880D915E}.Release|Any CPU.Build.0 = Release|Any CPU
		{B3300FF6-59F1-4FBB-9F1B-3803880D915E}.Release|ARM32.ActiveCfg = Release|Any CPU
		{B3300FF6-59F1-4FBB-9F1B-3803880D915E}.Release|ARM32.Build.0 = Release|Any CPU
		{B3300FF6-59F1-4FBB-9F1B-3803880D915E}.Release|Mixed Platforms.ActiveCfg = Release|Any CPU
		{B3300FF6-59F1-4FBB-9F1B-3803880D915E}.Release|Mixed Platforms.Build.0 = Release|Any CPU
		{B3300FF6-59F1-4FBB-9F1B-3803880D915E}.Release|Win32.ActiveCfg = Release|Any CPU
		{B3300FF6-59F1-4FBB-9F1B-3803880D915E}.Release|Win32.Build.0 = Release|Any CPU
		{B3300FF6-59F1-4FBB-9F1B-3803880D915E}.Release|x64.ActiveCfg = Release|Any CPU
		{B3300FF6-59F1-4FBB-9F1B-3803880D915E}.Release|x64.Build.0 = Release|Any CPU
		{B3300FF6-59F1-4FBB-9F1B-3803880D915E}.Release|x86.ActiveCfg = Release|Any CPU
		{B3300FF6-59F1-4FBB-9F1B-3803880D915E}.Release|x86.Build.0 = Release|Any CPU
	EndGlobalSection
	GlobalSection(SolutionProperties) = preSolution
		HideSolutionNode = FALSE
	EndGlobalSection
	GlobalSection(NestedProjects) = preSolution
		{1AA171E3-523C-4DD5-A169-DE6322991FF5} = {2EF747E4-862C-4B3E-B865-765B5385D7AC}
		{FA071D34-6C87-425D-8110-9C3595A01106} = {A0563F0C-443D-4C97-9878-77496145DD55}
		{E1E89B3B-B529-4B17-B7ED-4C70CC8475EB} = {2EF747E4-862C-4B3E-B865-765B5385D7AC}
		{68F1DAF6-2B35-476E-B2F8-5EADBC823935} = {40520F7C-15E7-446F-8C15-E38A93A7B4B9}
		{B9C23586-913D-4EE8-B266-BD58FBD0133B} = {40520F7C-15E7-446F-8C15-E38A93A7B4B9}
		{BFADB269-520E-4A14-9D4A-3D65ED57EB75} = {40520F7C-15E7-446F-8C15-E38A93A7B4B9}
		{AFD8230C-6B5D-4298-BBD3-B23644A5793C} = {A2D588B0-C60B-4C1E-B5EE-7B506C99C8C2}
		{E5F2B317-2205-4727-92C4-6190A2FA3DDC} = {B805AA29-9FA2-4632-BD24-A14F4EB15A20}
		{6317F5F0-BC4B-4BFD-B3C0-73C05C2AA11E} = {8BE95464-61A5-4C0A-99F8-DA6E32C52B78}
		{B106C6A9-1647-4267-824B-896486A6E697} = {A2D588B0-C60B-4C1E-B5EE-7B506C99C8C2}
		{15E44653-B4A9-40D5-9FCD-4BA476D80B12} = {A0563F0C-443D-4C97-9878-77496145DD55}
		{D88D86CD-6732-45E7-8FC9-49449EA9C737} = {8BE95464-61A5-4C0A-99F8-DA6E32C52B78}
		{D2CC5CEF-3003-4A5D-A532-8EB7E4FA40F2} = {56561998-B760-4457-AC07-DB64E54CA106}
		{20048075-A2F3-4B97-B3C6-BEA794429741} = {56561998-B760-4457-AC07-DB64E54CA106}
		{465CB0FF-C9FA-4371-AD10-51C6DFF537B8} = {56561998-B760-4457-AC07-DB64E54CA106}
		{E6078FC1-3AE0-4E33-AE7C-75E7AAAC7A02} = {56561998-B760-4457-AC07-DB64E54CA106}
		{39475DD4-6793-454F-8C48-06452F42C300} = {40520F7C-15E7-446F-8C15-E38A93A7B4B9}
		{6FF96BFB-9E4B-4634-B682-7DE60468DA38} = {56561998-B760-4457-AC07-DB64E54CA106}
		{466DD2AE-EADC-4E20-82B3-DA6D018006C5} = {B8B57320-63FF-453D-9892-671E48F8F084}
		{1EC4200D-E955-4617-9558-B859BB6B5AF2} = {40520F7C-15E7-446F-8C15-E38A93A7B4B9}
		{9422AB9D-341B-4B72-8611-86418707B2E8} = {C2AE9212-8A89-4CB6-BE8D-5CD9CF5CC93D}
		{235A071B-8D06-40AE-A5C5-B1CE59715EE9} = {C1FD503F-59E2-4016-8AEA-831AC3231430}
		{D8861CF8-C506-472B-8A57-632BD6CA6496} = {C1FD503F-59E2-4016-8AEA-831AC3231430}
		{9A99F103-B119-4A4D-8093-6A03BAA6D36B} = {C1FD503F-59E2-4016-8AEA-831AC3231430}
		{7A8A63D2-2CB5-41F5-8E83-6F6E54398CF4} = {C1FD503F-59E2-4016-8AEA-831AC3231430}
		{D07686EE-2618-4C20-8EB5-32AD4C4D3810} = {C1FD503F-59E2-4016-8AEA-831AC3231430}
		{EC1307C6-309F-43EA-BFCC-5219E2F5A103} = {C1FD503F-59E2-4016-8AEA-831AC3231430}
		{5CF69768-3249-45D4-8BE3-B686F88C4EA0} = {AFD8230C-6B5D-4298-BBD3-B23644A5793C}
		{9EE24857-0686-4FAF-9411-856904E88452} = {8BE95464-61A5-4C0A-99F8-DA6E32C52B78}
		{56DCAE82-671D-409E-A3B3-BF4834756D3F} = {C2AE9212-8A89-4CB6-BE8D-5CD9CF5CC93D}
		{F45871BD-806E-487A-A0B3-1E95853F693B} = {AFD8230C-6B5D-4298-BBD3-B23644A5793C}
		{7F28941F-E399-4265-AA82-83D25AA065C6} = {5EFABB34-B4DB-4762-8D85-7ADB35B49FC7}
		{D9F3BBD1-1FA0-4CBD-94DC-3D01807DB3F3} = {56561998-B760-4457-AC07-DB64E54CA106}
		{9CC6310F-C116-449D-BE97-63D152F98746} = {56561998-B760-4457-AC07-DB64E54CA106}
		{A3BBA4D4-0C7D-4B1C-B451-75D15F661CC6} = {B805AA29-9FA2-4632-BD24-A14F4EB15A20}
		{A533E1C7-AB74-4BCF-BC7A-12D4DBBFA918} = {56561998-B760-4457-AC07-DB64E54CA106}
		{5EB9544F-51E1-42CC-ABFD-B9AFBA6A2A0D} = {C2AE9212-8A89-4CB6-BE8D-5CD9CF5CC93D}
		{572E6B12-051F-4E41-AF01-0831B210CF66} = {56561998-B760-4457-AC07-DB64E54CA106}
		{9060957D-FF0B-4B14-BB87-EE24B5170365} = {5EFABB34-B4DB-4762-8D85-7ADB35B49FC7}
		{C2AE9212-8A89-4CB6-BE8D-5CD9CF5CC93D} = {A2D588B0-C60B-4C1E-B5EE-7B506C99C8C2}
		{5EFABB34-B4DB-4762-8D85-7ADB35B49FC7} = {A2D588B0-C60B-4C1E-B5EE-7B506C99C8C2}
		{A634550F-EDAD-4A1D-872C-730C2FD8C1C9} = {C2AE9212-8A89-4CB6-BE8D-5CD9CF5CC93D}
		{E906647B-3216-4CC1-B849-DD249F6737F4} = {B106C6A9-1647-4267-824B-896486A6E697}
		{E8DF35E8-8765-47C2-BC1A-B686A058062C} = {B106C6A9-1647-4267-824B-896486A6E697}
		{EB47A121-048B-4BB6-85BB-4FD5D28DD4BF} = {1A720CEF-DF3F-472A-A1B8-95963D9E0720}
		{BCB55CF7-08DC-4410-BDBE-CB3DA976BF6A} = {1A720CEF-DF3F-472A-A1B8-95963D9E0720}
		{E6A0BB9E-5B9B-449B-B844-3019FF51826B} = {53672C30-7B09-4D8D-8789-46F9A8D6B834}
		{8AC43305-1C0A-483D-A88F-B20A937DB213} = {1A720CEF-DF3F-472A-A1B8-95963D9E0720}
		{EC0BD041-5BA5-409D-8FC6-AA9F2A6F862B} = {C1FD503F-59E2-4016-8AEA-831AC3231430}
		{5853EDB2-EC0F-4E84-8450-6D34384CA5C4} = {AFD8230C-6B5D-4298-BBD3-B23644A5793C}
		{8850607F-7AC5-45EC-9FFD-68A1253CBABB} = {AFD8230C-6B5D-4298-BBD3-B23644A5793C}
		{71977D73-9F36-4F03-B10D-124F98467810} = {B8B57320-63FF-453D-9892-671E48F8F084}
		{BC2C265C-A4AE-4078-8F18-9EA8C0345FEC} = {B8B57320-63FF-453D-9892-671E48F8F084}
		{B3300FF6-59F1-4FBB-9F1B-3803880D915E} = {C2AE9212-8A89-4CB6-BE8D-5CD9CF5CC93D}
	EndGlobalSection
	GlobalSection(ExtensibilityGlobals) = postSolution
		SolutionGuid = {AD5DF903-2497-45EE-B3DC-1FAF5DA8F05C}
	EndGlobalSection
	GlobalSection(SharedMSBuildProjectFiles) = preSolution
		..\..\Typography\Typography.OpenFont\Typography.OpenFont.projitems*{235a071b-8d06-40ae-a5c5-b1ce59715ee9}*SharedItemsImports = 13
		Tests\WinFormTestBed2\WinFormTestBed2.projitems*{5cf69768-3249-45d4-8be3-b686f88c4ea0}*SharedItemsImports = 13
		PixelFarm\LayoutFarm.YourBasicCustomWidgets_SH\LayoutFarm.YourBasicCustomWidgets_SH.projitems*{6317f5f0-bc4b-4bfd-b3c0-73c05c2aa11e}*SharedItemsImports = 4
		PixelFarm\BackEnd.PaintFx\PdnSharedProject\PdnSharedProject.projitems*{6ff96bfb-9e4b-4634-b682-7de60468da38}*SharedItemsImports = 13
		..\..\Typography\Typography.TextFlow\Typography.TextFlow.projitems*{7a8a63d2-2cb5-41f5-8e83-6f6e54398cf4}*SharedItemsImports = 13
		..\..\Typography\Typography.TextBreak\Typography.TextBreak\Typography.TextBreak.projitems*{9a99f103-b119-4a4d-8093-6a03baa6d36b}*SharedItemsImports = 13
		PixelFarm\PaintLab.Color\Colorful_SH\Colorful_SH.projitems*{9cc6310f-c116-449d-be97-63d152f98746}*SharedItemsImports = 5
		PixelFarm\LayoutFarm.YourBasicCustomWidgets_SH\LayoutFarm.YourBasicCustomWidgets_SH.projitems*{9ee24857-0686-4faf-9411-856904e88452}*SharedItemsImports = 13
		PixelFarm\PaintLab.Platforms.SH\PaintLab.Platforms.SH.projitems*{a3bba4d4-0c7d-4b1c-b451-75d15f661cc6}*SharedItemsImports = 13
		PixelFarm\BackEnd.PaintFx\PdnSharedProject\PdnSharedProject.projitems*{a533e1c7-ab74-4bcf-bc7a-12d4dbbfa918}*SharedItemsImports = 5
		PixelFarm\PaintLab.AppHost\PaintLab.AppHost.projitems*{a634550f-edad-4a1d-872c-730c2fd8c1c9}*SharedItemsImports = 4
		Tests\WinFormTestBed2\WinFormTestBed2.projitems*{a634550f-edad-4a1d-872c-730c2fd8c1c9}*SharedItemsImports = 4
		..\..\Typography\Typography.TextServices\Typography.TextServices.projitems*{d07686ee-2618-4c20-8eb5-32ad4c4d3810}*SharedItemsImports = 13
		PixelFarm\LayoutFarm.TextFlow_SH\LayoutFarm.TextFlow_SH.projitems*{d2cc5cef-3003-4a5d-a532-8eb7e4fa40f2}*SharedItemsImports = 5
		..\..\Typography\Typography.GlyphLayout\Typography.GlyphLayout.projitems*{d8861cf8-c506-472b-8a57-632bd6ca6496}*SharedItemsImports = 13
		PixelFarm\PaintLab.Color\Colorful_SH\Colorful_SH.projitems*{d9f3bbd1-1fa0-4cbd-94dc-3d01807db3f3}*SharedItemsImports = 13
		PixelFarm\LayoutFarm.TextFlow_SH\LayoutFarm.TextFlow_SH.projitems*{e6078fc1-3ae0-4e33-ae7c-75e7aaac7a02}*SharedItemsImports = 4
		Tests\WinFormTestBed2\WinFormTestBed2.projitems*{e8df35e8-8765-47c2-bc1a-b686a058062c}*SharedItemsImports = 4
		PixelFarm\PaintLab.AppHost\PaintLab.AppHost.projitems*{e906647b-3216-4cc1-b849-dd249f6737f4}*SharedItemsImports = 4
		..\..\Typography\PixelFarm.Typography\PixelFarm.Typography_SH.projitems*{ec0bd041-5ba5-409d-8fc6-aa9f2a6f862b}*SharedItemsImports = 13
		..\..\Typography\PixelFarm.Typography\PixelFarm.Typography_SH.projitems*{ec1307c6-309f-43ea-bfcc-5219e2f5a103}*SharedItemsImports = 5
		PixelFarm\PaintLab.AppHost\PaintLab.AppHost.projitems*{f45871bd-806e-487a-a0b3-1e95853f693b}*SharedItemsImports = 13
	EndGlobalSection
EndGlobal
